
Microsoft Visual Studio Solution File, Format Version 12.00
# Visual Studio Version 16
VisualStudioVersion = 16.0.30011.22
MinimumVisualStudioVersion = 10.0.40219.1
Project("{FAE04EC0-301F-11D3-BF4B-00C04F79EFBC}") = "CS_demo01", "CS_demo01\CS_demo01.csproj", "{87FB04BF-2507-4B05-9ABA-6E74DB8DDAEB}"
EndProject
Project("{2150E333-8FDC-42A3-9474-1A3956D46DE8}") = "CH1_探索ASP.NET", "CH1_探索ASP.NET", "{81C5B4A9-BD4D-4003-9780-A045BC17D610}"
EndProject
Project("{FAE04EC0-301F-11D3-BF4B-00C04F79EFBC}") = "CS_demo02", "CS_demo02\CS_demo02.csproj", "{CDBA6BAC-55F0-4ACC-BA64-7547802787E5}"
EndProject
Project("{FAE04EC0-301F-11D3-BF4B-00C04F79EFBC}") = "CS_demo03", "CS_demo03\CS_demo03.csproj", "{030C038B-ECA2-45A1-8CF4-8C04A98A973B}"
EndProject
Project("{FAE04EC0-301F-11D3-BF4B-00C04F79EFBC}") = "CS_demo04", "CS_demo04\CS_demo04.csproj", "{13563463-1BFF-4B91-9D93-7961B8432757}"
EndProject
Project("{FAE04EC0-301F-11D3-BF4B-00C04F79EFBC}") = "CS_demo05", "CS_demo05\CS_demo05.csproj", "{C8591ABB-AB9D-42AA-9BC5-618301525D24}"
EndProject
Project("{FAE04EC0-301F-11D3-BF4B-00C04F79EFBC}") = "CS_demo06", "CS_demo06\CS_demo06.csproj", "{B712872F-C96D-4026-A06C-B285738758B0}"
EndProject
Project("{2150E333-8FDC-42A3-9474-1A3956D46DE8}") = "CH2_ASP.NET表單程式及事件處理", "CH2_ASP.NET表單程式及事件處理", "{46D020DC-EFDD-4507-8A1E-98F86CFABAFD}"
EndProject
Project("{FAE04EC0-301F-11D3-BF4B-00C04F79EFBC}") = "CS_demo08", "CS_demo08\CS_demo08.csproj", "{F3D82AC2-23C5-4620-9C39-8ECAA4BEB751}"
EndProject
Project("{FAE04EC0-301F-11D3-BF4B-00C04F79EFBC}") = "CS_demo09", "CS_demo09\CS_demo09.csproj", "{F3C74F03-641F-4B95-B258-9C85AB563862}"
EndProject
Project("{FAE04EC0-301F-11D3-BF4B-00C04F79EFBC}") = "CS_demo10", "CS_demo10\CS_demo10.csproj", "{45321329-6689-47CA-9550-B60BFA4105F8}"
EndProject
Project("{FAE04EC0-301F-11D3-BF4B-00C04F79EFBC}") = "CS_demo11", "CS_demo11\CS_demo11.csproj", "{0BA170CC-9A23-434B-886E-06F12EA566B4}"
EndProject
Project("{FAE04EC0-301F-11D3-BF4B-00C04F79EFBC}") = "CS_demo12", "CS_demo12\CS_demo12.csproj", "{5139F98A-F779-4979-8E26-E419D7119B0C}"
EndProject
Project("{FAE04EC0-301F-11D3-BF4B-00C04F79EFBC}") = "CS_demo13", "CS_demo13\CS_demo13.csproj", "{7B68269F-C424-44AF-9B84-E9556499334C}"
EndProject
Project("{FAE04EC0-301F-11D3-BF4B-00C04F79EFBC}") = "CS_demo07", "CS_demo07\CS_demo07.csproj", "{1FF7EF23-1066-4AEC-8C48-EAEF1705D88A}"
EndProject
Project("{FAE04EC0-301F-11D3-BF4B-00C04F79EFBC}") = "CS_demo14", "CS_demo14\CS_demo14.csproj", "{8AF7D016-0D02-4C0E-88B5-692CF0F4C7FB}"
EndProject
Project("{FAE04EC0-301F-11D3-BF4B-00C04F79EFBC}") = "CS_demo15", "CS_demo15\CS_demo15.csproj", "{EDACD4CD-4A50-46BC-8E2D-605B94145BC5}"
EndProject
Project("{FAE04EC0-301F-11D3-BF4B-00C04F79EFBC}") = "CS_demo13_類別庫_建立元件及其成員", "CS_demo13_類別庫_建立元件及其成員\CS_demo13_類別庫_建立元件及其成員.csproj", "{13EAC2ED-30CC-4794-ABD6-09FE7117061E}"
EndProject
Project("{2150E333-8FDC-42A3-9474-1A3956D46DE8}") = "CH3_ASP.NET伺服器控制項使用", "CH3_ASP.NET伺服器控制項使用", "{E64D2FB1-CB8C-422F-B1E0-DDC81B368A93}"
EndProject
Project("{FAE04EC0-301F-11D3-BF4B-00C04F79EFBC}") = "CS_demo16", "CS_demo16\CS_demo16.csproj", "{5AAEEA68-BF3F-4063-8A1F-01D9B7C4B2A1}"
EndProject
Project("{2150E333-8FDC-42A3-9474-1A3956D46DE8}") = "CH4_ASP.NET主版頁面及網站導覽_自定控制項", "CH4_ASP.NET主版頁面及網站導覽_自定控制項", "{C1929DD6-F1CD-4BC5-9D65-0C283A7135D9}"
EndProject
Project("{FAE04EC0-301F-11D3-BF4B-00C04F79EFBC}") = "CS_demo17", "CS_demo17\CS_demo17.csproj", "{4C6F12D8-A5BB-4BF1-ABCC-54F4272179FD}"
EndProject
Project("{FAE04EC0-301F-11D3-BF4B-00C04F79EFBC}") = "CS_demo18", "CS_demo18\CS_demo18.csproj", "{A6105BDF-46B2-49B5-B777-A3ECFB4447F7}"
EndProject
Project("{FAE04EC0-301F-11D3-BF4B-00C04F79EFBC}") = "CS_demo19", "CS_demo19\CS_demo19.csproj", "{54287B6F-34EE-48B1-82B6-599B7796E78F}"
EndProject
Project("{FAE04EC0-301F-11D3-BF4B-00C04F79EFBC}") = "CS_demo20", "CS_demo20\CS_demo20.csproj", "{51F23AE3-ED6F-4771-887F-7B3B25B164C7}"
EndProject
Project("{FAE04EC0-301F-11D3-BF4B-00C04F79EFBC}") = "CS_demo21", "CS_demo21\CS_demo21.csproj", "{458C8080-2F88-4D97-87A9-DB10779C27BC}"
EndProject
Project("{FAE04EC0-301F-11D3-BF4B-00C04F79EFBC}") = "CS_demo22", "CS_demo22\CS_demo22.csproj", "{AAF33F2E-961F-494F-9AE6-6AC6F8A083A4}"
EndProject
Project("{FAE04EC0-301F-11D3-BF4B-00C04F79EFBC}") = "CS_demo23", "CS_demo23\CS_demo23.csproj", "{6F51B007-9681-44F3-8D64-2A4D2A9AFDB3}"
EndProject
Project("{FAE04EC0-301F-11D3-BF4B-00C04F79EFBC}") = "CS_demo24", "CS_demo24\CS_demo24.csproj", "{6D81DACE-31FA-4F99-A31B-74AECE282F02}"
EndProject
Project("{2150E333-8FDC-42A3-9474-1A3956D46DE8}") = "CH5_ASP.NET及ADO.NET資料處理(除錯追蹤)", "CH5_ASP.NET及ADO.NET資料處理(除錯追蹤)", "{E32BF51F-9273-4458-ACD6-7B11B4B96DAA}"
EndProject
Project("{FAE04EC0-301F-11D3-BF4B-00C04F79EFBC}") = "CS_demo25", "CS_demo25\CS_demo25.csproj", "{35961DF1-F2E2-4BAC-9255-72BA9974A164}"
EndProject
Project("{FAE04EC0-301F-11D3-BF4B-00C04F79EFBC}") = "CS_demo26", "CS_demo26\CS_demo26.csproj", "{E25FD69C-B2CB-487A-BEDE-B2E736435D12}"
EndProject
Project("{FAE04EC0-301F-11D3-BF4B-00C04F79EFBC}") = "CS_demo27", "CS_demo27\CS_demo27.csproj", "{9B38E4FC-C732-4EE9-9BF6-A4A13B8D0EB3}"
EndProject
Project("{FAE04EC0-301F-11D3-BF4B-00C04F79EFBC}") = "CS_demo28", "CS_demo28\CS_demo28.csproj", "{C271DC21-55D3-4EB5-A616-040EE525C514}"
EndProject
Project("{FAE04EC0-301F-11D3-BF4B-00C04F79EFBC}") = "CS_demo29", "CS_demo29\CS_demo29.csproj", "{B5178B2E-63BF-4C29-BB7E-795663335F3A}"
EndProject
Project("{FAE04EC0-301F-11D3-BF4B-00C04F79EFBC}") = "CS_demo30", "CS_demo30\CS_demo30.csproj", "{E46E6604-B786-4F26-8F9C-B44A5AAEF935}"
EndProject
Project("{FAE04EC0-301F-11D3-BF4B-00C04F79EFBC}") = "CS_demo31", "CS_demo31\CS_demo31.csproj", "{FE326CA2-B920-4EEC-A845-051C78567144}"
EndProject
Project("{2150E333-8FDC-42A3-9474-1A3956D46DE8}") = "CH6_ASP.NET Ajax", "CH6_ASP.NET Ajax", "{E1461019-79F5-420D-8AC5-8CA7F5093DDF}"
EndProject
Project("{FAE04EC0-301F-11D3-BF4B-00C04F79EFBC}") = "CS_demo32", "CS_demo32\CS_demo32.csproj", "{882EB58E-3F75-4C35-B54D-94DD8E3D9D10}"
EndProject
Project("{FAE04EC0-301F-11D3-BF4B-00C04F79EFBC}") = "CS_demo33", "CS_demo33\CS_demo33.csproj", "{1AC35A60-DE0D-4028-8648-F85C721D754B}"
EndProject
Project("{FAE04EC0-301F-11D3-BF4B-00C04F79EFBC}") = "CS_demo34", "CS_demo34\CS_demo34.csproj", "{D8DED2CA-300F-4229-B3A8-7CF262ADFC31}"
EndProject
Project("{FAE04EC0-301F-11D3-BF4B-00C04F79EFBC}") = "CS_demo35", "CS_demo35\CS_demo35.csproj", "{B0B92BED-A18F-4865-B267-55CD7F81AE49}"
EndProject
Project("{FAE04EC0-301F-11D3-BF4B-00C04F79EFBC}") = "CS_demo36", "CS_demo36\CS_demo36.csproj", "{5981E46E-7D7D-4246-BC19-BBF5DF887711}"
EndProject
Project("{FAE04EC0-301F-11D3-BF4B-00C04F79EFBC}") = "CS_demo37", "CS_demo37\CS_demo37.csproj", "{C399ADE3-24CC-4CD5-9B60-2526F471EF82}"
EndProject
Project("{2150E333-8FDC-42A3-9474-1A3956D46DE8}") = "CH7_ASP.NET及EDM_LINQ資料處理", "CH7_ASP.NET及EDM_LINQ資料處理", "{E7A4BE59-CE33-41B4-B5F9-7244311921ED}"
EndProject
Project("{FAE04EC0-301F-11D3-BF4B-00C04F79EFBC}") = "CS_demo38", "CS_demo38\CS_demo38.csproj", "{BA7BAD35-490C-498F-89F8-4AE8BDDE5495}"
EndProject
Project("{FAE04EC0-301F-11D3-BF4B-00C04F79EFBC}") = "CS_demo39", "CS_demo39\CS_demo39.csproj", "{75CE17B5-E36B-4F0B-9000-2693D1418185}"
EndProject
Project("{FAE04EC0-301F-11D3-BF4B-00C04F79EFBC}") = "CS_demo40", "CS_demo40\CS_demo40.csproj", "{5C9B153B-F63A-4413-A1E2-FD290EF4E1EE}"
EndProject
Project("{FAE04EC0-301F-11D3-BF4B-00C04F79EFBC}") = "CS_demo41", "CS_demo41\CS_demo41.csproj", "{559C7F0A-8763-401E-8E4D-0548E2B2115E}"
EndProject
Project("{FAE04EC0-301F-11D3-BF4B-00C04F79EFBC}") = "CS_demo42", "CS_demo42\CS_demo42.csproj", "{CB23A8C5-56D7-4530-8303-318807BE2BA7}"
EndProject
Project("{2150E333-8FDC-42A3-9474-1A3956D46DE8}") = "CH8_ASP.NET WCF技術及帳戶安全性", "CH8_ASP.NET WCF技術及帳戶安全性", "{488914C1-9E0C-4B7E-98C5-265254308657}"
EndProject
Project("{FAE04EC0-301F-11D3-BF4B-00C04F79EFBC}") = "CS_demo43", "CS_demo43\CS_demo43.csproj", "{AC6E04A4-E48C-41B3-B5A3-610C367CC0F8}"
EndProject
Project("{FAE04EC0-301F-11D3-BF4B-00C04F79EFBC}") = "CS_demo44", "CS_demo44\CS_demo44.csproj", "{645EA4D8-376E-41D0-95DA-97E812A80375}"
EndProject
Project("{FAE04EC0-301F-11D3-BF4B-00C04F79EFBC}") = "CS_demo45", "CS_demo45\CS_demo45.csproj", "{8A8B807A-9A37-4916-986E-98F5EAC46BFE}"
EndProject
Project("{FAE04EC0-301F-11D3-BF4B-00C04F79EFBC}") = "CS_demo46", "CS_demo46\CS_demo46.csproj", "{1F4080F0-815F-4D92-862A-11EC6606AAE9}"
EndProject
Project("{FAE04EC0-301F-11D3-BF4B-00C04F79EFBC}") = "CS_demo47", "CS_demo47\CS_demo47.csproj", "{A69D5ED6-CA2F-4B2F-B54E-A737D42E575D}"
EndProject
Project("{FAE04EC0-301F-11D3-BF4B-00C04F79EFBC}") = "CS_demo47_在IIS中建立WCF服務", "CS_demo47_在IIS中建立WCF服務\CS_demo47_在IIS中建立WCF服務.csproj", "{CDF58C87-E25C-49BC-9C8F-97F5D2F3DB87}"
EndProject
Project("{FAE04EC0-301F-11D3-BF4B-00C04F79EFBC}") = "CS_demo48", "CS_demo48\CS_demo48.csproj", "{3C8A47A7-BF35-4527-BE6C-CF09F2E6790C}"
EndProject
Project("{FAE04EC0-301F-11D3-BF4B-00C04F79EFBC}") = "CS_demo48_網站加入服務參考使用WCF服務", "CS_demo48_網站加入服務參考使用WCF服務\CS_demo48_網站加入服務參考使用WCF服務.csproj", "{6458C575-4385-4BFA-A447-0E4067AE125F}"
	ProjectSection(ProjectDependencies) = postProject
		{3C8A47A7-BF35-4527-BE6C-CF09F2E6790C} = {3C8A47A7-BF35-4527-BE6C-CF09F2E6790C}
	EndProjectSection
EndProject
Global
	GlobalSection(SolutionConfigurationPlatforms) = preSolution
		Debug|Any CPU = Debug|Any CPU
		Release|Any CPU = Release|Any CPU
	EndGlobalSection
	GlobalSection(ProjectConfigurationPlatforms) = postSolution
		{87FB04BF-2507-4B05-9ABA-6E74DB8DDAEB}.Debug|Any CPU.ActiveCfg = Debug|Any CPU
		{87FB04BF-2507-4B05-9ABA-6E74DB8DDAEB}.Debug|Any CPU.Build.0 = Debug|Any CPU
		{87FB04BF-2507-4B05-9ABA-6E74DB8DDAEB}.Release|Any CPU.ActiveCfg = Release|Any CPU
		{87FB04BF-2507-4B05-9ABA-6E74DB8DDAEB}.Release|Any CPU.Build.0 = Release|Any CPU
		{CDBA6BAC-55F0-4ACC-BA64-7547802787E5}.Debug|Any CPU.ActiveCfg = Debug|Any CPU
		{CDBA6BAC-55F0-4ACC-BA64-7547802787E5}.Debug|Any CPU.Build.0 = Debug|Any CPU
		{CDBA6BAC-55F0-4ACC-BA64-7547802787E5}.Release|Any CPU.ActiveCfg = Release|Any CPU
		{CDBA6BAC-55F0-4ACC-BA64-7547802787E5}.Release|Any CPU.Build.0 = Release|Any CPU
		{030C038B-ECA2-45A1-8CF4-8C04A98A973B}.Debug|Any CPU.ActiveCfg = Debug|Any CPU
		{030C038B-ECA2-45A1-8CF4-8C04A98A973B}.Debug|Any CPU.Build.0 = Debug|Any CPU
		{030C038B-ECA2-45A1-8CF4-8C04A98A973B}.Release|Any CPU.ActiveCfg = Release|Any CPU
		{030C038B-ECA2-45A1-8CF4-8C04A98A973B}.Release|Any CPU.Build.0 = Release|Any CPU
		{13563463-1BFF-4B91-9D93-7961B8432757}.Debug|Any CPU.ActiveCfg = Debug|Any CPU
		{13563463-1BFF-4B91-9D93-7961B8432757}.Debug|Any CPU.Build.0 = Debug|Any CPU
		{13563463-1BFF-4B91-9D93-7961B8432757}.Release|Any CPU.ActiveCfg = Release|Any CPU
		{13563463-1BFF-4B91-9D93-7961B8432757}.Release|Any CPU.Build.0 = Release|Any CPU
		{C8591ABB-AB9D-42AA-9BC5-618301525D24}.Debug|Any CPU.ActiveCfg = Debug|Any CPU
		{C8591ABB-AB9D-42AA-9BC5-618301525D24}.Debug|Any CPU.Build.0 = Debug|Any CPU
		{C8591ABB-AB9D-42AA-9BC5-618301525D24}.Release|Any CPU.ActiveCfg = Release|Any CPU
		{C8591ABB-AB9D-42AA-9BC5-618301525D24}.Release|Any CPU.Build.0 = Release|Any CPU
		{B712872F-C96D-4026-A06C-B285738758B0}.Debug|Any CPU.ActiveCfg = Debug|Any CPU
		{B712872F-C96D-4026-A06C-B285738758B0}.Debug|Any CPU.Build.0 = Debug|Any CPU
		{B712872F-C96D-4026-A06C-B285738758B0}.Release|Any CPU.ActiveCfg = Release|Any CPU
		{B712872F-C96D-4026-A06C-B285738758B0}.Release|Any CPU.Build.0 = Release|Any CPU
		{F3D82AC2-23C5-4620-9C39-8ECAA4BEB751}.Debug|Any CPU.ActiveCfg = Debug|Any CPU
		{F3D82AC2-23C5-4620-9C39-8ECAA4BEB751}.Debug|Any CPU.Build.0 = Debug|Any CPU
		{F3D82AC2-23C5-4620-9C39-8ECAA4BEB751}.Release|Any CPU.ActiveCfg = Release|Any CPU
		{F3D82AC2-23C5-4620-9C39-8ECAA4BEB751}.Release|Any CPU.Build.0 = Release|Any CPU
		{F3C74F03-641F-4B95-B258-9C85AB563862}.Debug|Any CPU.ActiveCfg = Debug|Any CPU
		{F3C74F03-641F-4B95-B258-9C85AB563862}.Debug|Any CPU.Build.0 = Debug|Any CPU
		{F3C74F03-641F-4B95-B258-9C85AB563862}.Release|Any CPU.ActiveCfg = Release|Any CPU
		{F3C74F03-641F-4B95-B258-9C85AB563862}.Release|Any CPU.Build.0 = Release|Any CPU
		{45321329-6689-47CA-9550-B60BFA4105F8}.Debug|Any CPU.ActiveCfg = Debug|Any CPU
		{45321329-6689-47CA-9550-B60BFA4105F8}.Debug|Any CPU.Build.0 = Debug|Any CPU
		{45321329-6689-47CA-9550-B60BFA4105F8}.Release|Any CPU.ActiveCfg = Release|Any CPU
		{45321329-6689-47CA-9550-B60BFA4105F8}.Release|Any CPU.Build.0 = Release|Any CPU
		{0BA170CC-9A23-434B-886E-06F12EA566B4}.Debug|Any CPU.ActiveCfg = Debug|Any CPU
		{0BA170CC-9A23-434B-886E-06F12EA566B4}.Debug|Any CPU.Build.0 = Debug|Any CPU
		{0BA170CC-9A23-434B-886E-06F12EA566B4}.Release|Any CPU.ActiveCfg = Release|Any CPU
		{0BA170CC-9A23-434B-886E-06F12EA566B4}.Release|Any CPU.Build.0 = Release|Any CPU
		{5139F98A-F779-4979-8E26-E419D7119B0C}.Debug|Any CPU.ActiveCfg = Debug|Any CPU
		{5139F98A-F779-4979-8E26-E419D7119B0C}.Debug|Any CPU.Build.0 = Debug|Any CPU
		{5139F98A-F779-4979-8E26-E419D7119B0C}.Release|Any CPU.ActiveCfg = Release|Any CPU
		{5139F98A-F779-4979-8E26-E419D7119B0C}.Release|Any CPU.Build.0 = Release|Any CPU
		{7B68269F-C424-44AF-9B84-E9556499334C}.Debug|Any CPU.ActiveCfg = Debug|Any CPU
		{7B68269F-C424-44AF-9B84-E9556499334C}.Debug|Any CPU.Build.0 = Debug|Any CPU
		{7B68269F-C424-44AF-9B84-E9556499334C}.Release|Any CPU.ActiveCfg = Release|Any CPU
		{7B68269F-C424-44AF-9B84-E9556499334C}.Release|Any CPU.Build.0 = Release|Any CPU
		{1FF7EF23-1066-4AEC-8C48-EAEF1705D88A}.Debug|Any CPU.ActiveCfg = Debug|Any CPU
		{1FF7EF23-1066-4AEC-8C48-EAEF1705D88A}.Debug|Any CPU.Build.0 = Debug|Any CPU
		{1FF7EF23-1066-4AEC-8C48-EAEF1705D88A}.Release|Any CPU.ActiveCfg = Release|Any CPU
		{1FF7EF23-1066-4AEC-8C48-EAEF1705D88A}.Release|Any CPU.Build.0 = Release|Any CPU
		{8AF7D016-0D02-4C0E-88B5-692CF0F4C7FB}.Debug|Any CPU.ActiveCfg = Debug|Any CPU
		{8AF7D016-0D02-4C0E-88B5-692CF0F4C7FB}.Debug|Any CPU.Build.0 = Debug|Any CPU
		{8AF7D016-0D02-4C0E-88B5-692CF0F4C7FB}.Release|Any CPU.ActiveCfg = Release|Any CPU
		{8AF7D016-0D02-4C0E-88B5-692CF0F4C7FB}.Release|Any CPU.Build.0 = Release|Any CPU
		{EDACD4CD-4A50-46BC-8E2D-605B94145BC5}.Debug|Any CPU.ActiveCfg = Debug|Any CPU
		{EDACD4CD-4A50-46BC-8E2D-605B94145BC5}.Debug|Any CPU.Build.0 = Debug|Any CPU
		{EDACD4CD-4A50-46BC-8E2D-605B94145BC5}.Release|Any CPU.ActiveCfg = Release|Any CPU
		{EDACD4CD-4A50-46BC-8E2D-605B94145BC5}.Release|Any CPU.Build.0 = Release|Any CPU
		{13EAC2ED-30CC-4794-ABD6-09FE7117061E}.Debug|Any CPU.ActiveCfg = Debug|Any CPU
		{13EAC2ED-30CC-4794-ABD6-09FE7117061E}.Debug|Any CPU.Build.0 = Debug|Any CPU
		{13EAC2ED-30CC-4794-ABD6-09FE7117061E}.Release|Any CPU.ActiveCfg = Release|Any CPU
		{13EAC2ED-30CC-4794-ABD6-09FE7117061E}.Release|Any CPU.Build.0 = Release|Any CPU
		{5AAEEA68-BF3F-4063-8A1F-01D9B7C4B2A1}.Debug|Any CPU.ActiveCfg = Debug|Any CPU
		{5AAEEA68-BF3F-4063-8A1F-01D9B7C4B2A1}.Debug|Any CPU.Build.0 = Debug|Any CPU
		{5AAEEA68-BF3F-4063-8A1F-01D9B7C4B2A1}.Release|Any CPU.ActiveCfg = Release|Any CPU
		{5AAEEA68-BF3F-4063-8A1F-01D9B7C4B2A1}.Release|Any CPU.Build.0 = Release|Any CPU
		{4C6F12D8-A5BB-4BF1-ABCC-54F4272179FD}.Debug|Any CPU.ActiveCfg = Debug|Any CPU
		{4C6F12D8-A5BB-4BF1-ABCC-54F4272179FD}.Debug|Any CPU.Build.0 = Debug|Any CPU
		{4C6F12D8-A5BB-4BF1-ABCC-54F4272179FD}.Release|Any CPU.ActiveCfg = Release|Any CPU
		{4C6F12D8-A5BB-4BF1-ABCC-54F4272179FD}.Release|Any CPU.Build.0 = Release|Any CPU
		{A6105BDF-46B2-49B5-B777-A3ECFB4447F7}.Debug|Any CPU.ActiveCfg = Debug|Any CPU
		{A6105BDF-46B2-49B5-B777-A3ECFB4447F7}.Debug|Any CPU.Build.0 = Debug|Any CPU
		{A6105BDF-46B2-49B5-B777-A3ECFB4447F7}.Release|Any CPU.ActiveCfg = Release|Any CPU
		{A6105BDF-46B2-49B5-B777-A3ECFB4447F7}.Release|Any CPU.Build.0 = Release|Any CPU
		{54287B6F-34EE-48B1-82B6-599B7796E78F}.Debug|Any CPU.ActiveCfg = Debug|Any CPU
		{54287B6F-34EE-48B1-82B6-599B7796E78F}.Debug|Any CPU.Build.0 = Debug|Any CPU
		{54287B6F-34EE-48B1-82B6-599B7796E78F}.Release|Any CPU.ActiveCfg = Release|Any CPU
		{54287B6F-34EE-48B1-82B6-599B7796E78F}.Release|Any CPU.Build.0 = Release|Any CPU
		{51F23AE3-ED6F-4771-887F-7B3B25B164C7}.Debug|Any CPU.ActiveCfg = Debug|Any CPU
		{51F23AE3-ED6F-4771-887F-7B3B25B164C7}.Debug|Any CPU.Build.0 = Debug|Any CPU
		{51F23AE3-ED6F-4771-887F-7B3B25B164C7}.Release|Any CPU.ActiveCfg = Release|Any CPU
		{51F23AE3-ED6F-4771-887F-7B3B25B164C7}.Release|Any CPU.Build.0 = Release|Any CPU
		{458C8080-2F88-4D97-87A9-DB10779C27BC}.Debug|Any CPU.ActiveCfg = Debug|Any CPU
		{458C8080-2F88-4D97-87A9-DB10779C27BC}.Debug|Any CPU.Build.0 = Debug|Any CPU
		{458C8080-2F88-4D97-87A9-DB10779C27BC}.Release|Any CPU.ActiveCfg = Release|Any CPU
		{458C8080-2F88-4D97-87A9-DB10779C27BC}.Release|Any CPU.Build.0 = Release|Any CPU
		{AAF33F2E-961F-494F-9AE6-6AC6F8A083A4}.Debug|Any CPU.ActiveCfg = Debug|Any CPU
		{AAF33F2E-961F-494F-9AE6-6AC6F8A083A4}.Debug|Any CPU.Build.0 = Debug|Any CPU
		{AAF33F2E-961F-494F-9AE6-6AC6F8A083A4}.Release|Any CPU.ActiveCfg = Release|Any CPU
		{AAF33F2E-961F-494F-9AE6-6AC6F8A083A4}.Release|Any CPU.Build.0 = Release|Any CPU
		{6F51B007-9681-44F3-8D64-2A4D2A9AFDB3}.Debug|Any CPU.ActiveCfg = Debug|Any CPU
		{6F51B007-9681-44F3-8D64-2A4D2A9AFDB3}.Debug|Any CPU.Build.0 = Debug|Any CPU
		{6F51B007-9681-44F3-8D64-2A4D2A9AFDB3}.Release|Any CPU.ActiveCfg = Release|Any CPU
		{6F51B007-9681-44F3-8D64-2A4D2A9AFDB3}.Release|Any CPU.Build.0 = Release|Any CPU
		{6D81DACE-31FA-4F99-A31B-74AECE282F02}.Debug|Any CPU.ActiveCfg = Debug|Any CPU
		{6D81DACE-31FA-4F99-A31B-74AECE282F02}.Debug|Any CPU.Build.0 = Debug|Any CPU
		{6D81DACE-31FA-4F99-A31B-74AECE282F02}.Release|Any CPU.ActiveCfg = Release|Any CPU
		{6D81DACE-31FA-4F99-A31B-74AECE282F02}.Release|Any CPU.Build.0 = Release|Any CPU
		{35961DF1-F2E2-4BAC-9255-72BA9974A164}.Debug|Any CPU.ActiveCfg = Debug|Any CPU
		{35961DF1-F2E2-4BAC-9255-72BA9974A164}.Debug|Any CPU.Build.0 = Debug|Any CPU
		{35961DF1-F2E2-4BAC-9255-72BA9974A164}.Release|Any CPU.ActiveCfg = Release|Any CPU
		{35961DF1-F2E2-4BAC-9255-72BA9974A164}.Release|Any CPU.Build.0 = Release|Any CPU
		{E25FD69C-B2CB-487A-BEDE-B2E736435D12}.Debug|Any CPU.ActiveCfg = Debug|Any CPU
		{E25FD69C-B2CB-487A-BEDE-B2E736435D12}.Debug|Any CPU.Build.0 = Debug|Any CPU
		{E25FD69C-B2CB-487A-BEDE-B2E736435D12}.Release|Any CPU.ActiveCfg = Release|Any CPU
		{E25FD69C-B2CB-487A-BEDE-B2E736435D12}.Release|Any CPU.Build.0 = Release|Any CPU
		{9B38E4FC-C732-4EE9-9BF6-A4A13B8D0EB3}.Debug|Any CPU.ActiveCfg = Debug|Any CPU
		{9B38E4FC-C732-4EE9-9BF6-A4A13B8D0EB3}.Debug|Any CPU.Build.0 = Debug|Any CPU
		{9B38E4FC-C732-4EE9-9BF6-A4A13B8D0EB3}.Release|Any CPU.ActiveCfg = Release|Any CPU
		{9B38E4FC-C732-4EE9-9BF6-A4A13B8D0EB3}.Release|Any CPU.Build.0 = Release|Any CPU
		{C271DC21-55D3-4EB5-A616-040EE525C514}.Debug|Any CPU.ActiveCfg = Debug|Any CPU
		{C271DC21-55D3-4EB5-A616-040EE525C514}.Debug|Any CPU.Build.0 = Debug|Any CPU
		{C271DC21-55D3-4EB5-A616-040EE525C514}.Release|Any CPU.ActiveCfg = Release|Any CPU
		{C271DC21-55D3-4EB5-A616-040EE525C514}.Release|Any CPU.Build.0 = Release|Any CPU
		{B5178B2E-63BF-4C29-BB7E-795663335F3A}.Debug|Any CPU.ActiveCfg = Debug|Any CPU
		{B5178B2E-63BF-4C29-BB7E-795663335F3A}.Debug|Any CPU.Build.0 = Debug|Any CPU
		{B5178B2E-63BF-4C29-BB7E-795663335F3A}.Release|Any CPU.ActiveCfg = Release|Any CPU
		{B5178B2E-63BF-4C29-BB7E-795663335F3A}.Release|Any CPU.Build.0 = Release|Any CPU
		{E46E6604-B786-4F26-8F9C-B44A5AAEF935}.Debug|Any CPU.ActiveCfg = Debug|Any CPU
		{E46E6604-B786-4F26-8F9C-B44A5AAEF935}.Debug|Any CPU.Build.0 = Debug|Any CPU
		{E46E6604-B786-4F26-8F9C-B44A5AAEF935}.Release|Any CPU.ActiveCfg = Release|Any CPU
		{E46E6604-B786-4F26-8F9C-B44A5AAEF935}.Release|Any CPU.Build.0 = Release|Any CPU
		{FE326CA2-B920-4EEC-A845-051C78567144}.Debug|Any CPU.ActiveCfg = Debug|Any CPU
		{FE326CA2-B920-4EEC-A845-051C78567144}.Debug|Any CPU.Build.0 = Debug|Any CPU
		{FE326CA2-B920-4EEC-A845-051C78567144}.Release|Any CPU.ActiveCfg = Release|Any CPU
		{FE326CA2-B920-4EEC-A845-051C78567144}.Release|Any CPU.Build.0 = Release|Any CPU
		{882EB58E-3F75-4C35-B54D-94DD8E3D9D10}.Debug|Any CPU.ActiveCfg = Debug|Any CPU
		{882EB58E-3F75-4C35-B54D-94DD8E3D9D10}.Debug|Any CPU.Build.0 = Debug|Any CPU
		{882EB58E-3F75-4C35-B54D-94DD8E3D9D10}.Release|Any CPU.ActiveCfg = Release|Any CPU
		{882EB58E-3F75-4C35-B54D-94DD8E3D9D10}.Release|Any CPU.Build.0 = Release|Any CPU
		{1AC35A60-DE0D-4028-8648-F85C721D754B}.Debug|Any CPU.ActiveCfg = Debug|Any CPU
		{1AC35A60-DE0D-4028-8648-F85C721D754B}.Debug|Any CPU.Build.0 = Debug|Any CPU
		{1AC35A60-DE0D-4028-8648-F85C721D754B}.Release|Any CPU.ActiveCfg = Release|Any CPU
		{1AC35A60-DE0D-4028-8648-F85C721D754B}.Release|Any CPU.Build.0 = Release|Any CPU
		{D8DED2CA-300F-4229-B3A8-7CF262ADFC31}.Debug|Any CPU.ActiveCfg = Debug|Any CPU
		{D8DED2CA-300F-4229-B3A8-7CF262ADFC31}.Debug|Any CPU.Build.0 = Debug|Any CPU
		{D8DED2CA-300F-4229-B3A8-7CF262ADFC31}.Release|Any CPU.ActiveCfg = Release|Any CPU
		{D8DED2CA-300F-4229-B3A8-7CF262ADFC31}.Release|Any CPU.Build.0 = Release|Any CPU
		{B0B92BED-A18F-4865-B267-55CD7F81AE49}.Debug|Any CPU.ActiveCfg = Debug|Any CPU
		{B0B92BED-A18F-4865-B267-55CD7F81AE49}.Debug|Any CPU.Build.0 = Debug|Any CPU
		{B0B92BED-A18F-4865-B267-55CD7F81AE49}.Release|Any CPU.ActiveCfg = Release|Any CPU
		{B0B92BED-A18F-4865-B267-55CD7F81AE49}.Release|Any CPU.Build.0 = Release|Any CPU
		{5981E46E-7D7D-4246-BC19-BBF5DF887711}.Debug|Any CPU.ActiveCfg = Debug|Any CPU
		{5981E46E-7D7D-4246-BC19-BBF5DF887711}.Debug|Any CPU.Build.0 = Debug|Any CPU
		{5981E46E-7D7D-4246-BC19-BBF5DF887711}.Release|Any CPU.ActiveCfg = Release|Any CPU
		{5981E46E-7D7D-4246-BC19-BBF5DF887711}.Release|Any CPU.Build.0 = Release|Any CPU
		{C399ADE3-24CC-4CD5-9B60-2526F471EF82}.Debug|Any CPU.ActiveCfg = Debug|Any CPU
		{C399ADE3-24CC-4CD5-9B60-2526F471EF82}.Debug|Any CPU.Build.0 = Debug|Any CPU
		{C399ADE3-24CC-4CD5-9B60-2526F471EF82}.Release|Any CPU.ActiveCfg = Release|Any CPU
		{C399ADE3-24CC-4CD5-9B60-2526F471EF82}.Release|Any CPU.Build.0 = Release|Any CPU
		{BA7BAD35-490C-498F-89F8-4AE8BDDE5495}.Debug|Any CPU.ActiveCfg = Debug|Any CPU
		{BA7BAD35-490C-498F-89F8-4AE8BDDE5495}.Debug|Any CPU.Build.0 = Debug|Any CPU
		{BA7BAD35-490C-498F-89F8-4AE8BDDE5495}.Release|Any CPU.ActiveCfg = Release|Any CPU
		{BA7BAD35-490C-498F-89F8-4AE8BDDE5495}.Release|Any CPU.Build.0 = Release|Any CPU
		{75CE17B5-E36B-4F0B-9000-2693D1418185}.Debug|Any CPU.ActiveCfg = Debug|Any CPU
		{75CE17B5-E36B-4F0B-9000-2693D1418185}.Debug|Any CPU.Build.0 = Debug|Any CPU
		{75CE17B5-E36B-4F0B-9000-2693D1418185}.Release|Any CPU.ActiveCfg = Release|Any CPU
		{75CE17B5-E36B-4F0B-9000-2693D1418185}.Release|Any CPU.Build.0 = Release|Any CPU
		{5C9B153B-F63A-4413-A1E2-FD290EF4E1EE}.Debug|Any CPU.ActiveCfg = Debug|Any CPU
		{5C9B153B-F63A-4413-A1E2-FD290EF4E1EE}.Debug|Any CPU.Build.0 = Debug|Any CPU
		{5C9B153B-F63A-4413-A1E2-FD290EF4E1EE}.Release|Any CPU.ActiveCfg = Release|Any CPU
		{5C9B153B-F63A-4413-A1E2-FD290EF4E1EE}.Release|Any CPU.Build.0 = Release|Any CPU
		{559C7F0A-8763-401E-8E4D-0548E2B2115E}.Debug|Any CPU.ActiveCfg = Debug|Any CPU
		{559C7F0A-8763-401E-8E4D-0548E2B2115E}.Debug|Any CPU.Build.0 = Debug|Any CPU
		{559C7F0A-8763-401E-8E4D-0548E2B2115E}.Release|Any CPU.ActiveCfg = Release|Any CPU
		{559C7F0A-8763-401E-8E4D-0548E2B2115E}.Release|Any CPU.Build.0 = Release|Any CPU
		{CB23A8C5-56D7-4530-8303-318807BE2BA7}.Debug|Any CPU.ActiveCfg = Debug|Any CPU
		{CB23A8C5-56D7-4530-8303-318807BE2BA7}.Debug|Any CPU.Build.0 = Debug|Any CPU
		{CB23A8C5-56D7-4530-8303-318807BE2BA7}.Release|Any CPU.ActiveCfg = Release|Any CPU
		{CB23A8C5-56D7-4530-8303-318807BE2BA7}.Release|Any CPU.Build.0 = Release|Any CPU
		{AC6E04A4-E48C-41B3-B5A3-610C367CC0F8}.Debug|Any CPU.ActiveCfg = Debug|Any CPU
		{AC6E04A4-E48C-41B3-B5A3-610C367CC0F8}.Debug|Any CPU.Build.0 = Debug|Any CPU
		{AC6E04A4-E48C-41B3-B5A3-610C367CC0F8}.Release|Any CPU.ActiveCfg = Release|Any CPU
		{AC6E04A4-E48C-41B3-B5A3-610C367CC0F8}.Release|Any CPU.Build.0 = Release|Any CPU
		{645EA4D8-376E-41D0-95DA-97E812A80375}.Debug|Any CPU.ActiveCfg = Debug|Any CPU
		{645EA4D8-376E-41D0-95DA-97E812A80375}.Debug|Any CPU.Build.0 = Debug|Any CPU
		{645EA4D8-376E-41D0-95DA-97E812A80375}.Release|Any CPU.ActiveCfg = Release|Any CPU
		{645EA4D8-376E-41D0-95DA-97E812A80375}.Release|Any CPU.Build.0 = Release|Any CPU
		{8A8B807A-9A37-4916-986E-98F5EAC46BFE}.Debug|Any CPU.ActiveCfg = Debug|Any CPU
		{8A8B807A-9A37-4916-986E-98F5EAC46BFE}.Debug|Any CPU.Build.0 = Debug|Any CPU
		{8A8B807A-9A37-4916-986E-98F5EAC46BFE}.Release|Any CPU.ActiveCfg = Release|Any CPU
		{8A8B807A-9A37-4916-986E-98F5EAC46BFE}.Release|Any CPU.Build.0 = Release|Any CPU
		{1F4080F0-815F-4D92-862A-11EC6606AAE9}.Debug|Any CPU.ActiveCfg = Debug|Any CPU
		{1F4080F0-815F-4D92-862A-11EC6606AAE9}.Debug|Any CPU.Build.0 = Debug|Any CPU
		{1F4080F0-815F-4D92-862A-11EC6606AAE9}.Release|Any CPU.ActiveCfg = Release|Any CPU
		{1F4080F0-815F-4D92-862A-11EC6606AAE9}.Release|Any CPU.Build.0 = Release|Any CPU
		{A69D5ED6-CA2F-4B2F-B54E-A737D42E575D}.Debug|Any CPU.ActiveCfg = Debug|Any CPU
		{A69D5ED6-CA2F-4B2F-B54E-A737D42E575D}.Debug|Any CPU.Build.0 = Debug|Any CPU
		{A69D5ED6-CA2F-4B2F-B54E-A737D42E575D}.Release|Any CPU.ActiveCfg = Release|Any CPU
		{A69D5ED6-CA2F-4B2F-B54E-A737D42E575D}.Release|Any CPU.Build.0 = Release|Any CPU
		{CDF58C87-E25C-49BC-9C8F-97F5D2F3DB87}.Debug|Any CPU.ActiveCfg = Debug|Any CPU
		{CDF58C87-E25C-49BC-9C8F-97F5D2F3DB87}.Debug|Any CPU.Build.0 = Debug|Any CPU
		{CDF58C87-E25C-49BC-9C8F-97F5D2F3DB87}.Release|Any CPU.ActiveCfg = Release|Any CPU
		{CDF58C87-E25C-49BC-9C8F-97F5D2F3DB87}.Release|Any CPU.Build.0 = Release|Any CPU
		{3C8A47A7-BF35-4527-BE6C-CF09F2E6790C}.Debug|Any CPU.ActiveCfg = Debug|Any CPU
		{3C8A47A7-BF35-4527-BE6C-CF09F2E6790C}.Debug|Any CPU.Build.0 = Debug|Any CPU
		{3C8A47A7-BF35-4527-BE6C-CF09F2E6790C}.Release|Any CPU.ActiveCfg = Release|Any CPU
		{3C8A47A7-BF35-4527-BE6C-CF09F2E6790C}.Release|Any CPU.Build.0 = Release|Any CPU
		{6458C575-4385-4BFA-A447-0E4067AE125F}.Debug|Any CPU.ActiveCfg = Debug|Any CPU
		{6458C575-4385-4BFA-A447-0E4067AE125F}.Debug|Any CPU.Build.0 = Debug|Any CPU
		{6458C575-4385-4BFA-A447-0E4067AE125F}.Release|Any CPU.ActiveCfg = Release|Any CPU
		{6458C575-4385-4BFA-A447-0E4067AE125F}.Release|Any CPU.Build.0 = Release|Any CPU
	EndGlobalSection
	GlobalSection(SolutionProperties) = preSolution
		HideSolutionNode = FALSE
	EndGlobalSection
	GlobalSection(NestedProjects) = preSolution
		{87FB04BF-2507-4B05-9ABA-6E74DB8DDAEB} = {81C5B4A9-BD4D-4003-9780-A045BC17D610}
		{CDBA6BAC-55F0-4ACC-BA64-7547802787E5} = {81C5B4A9-BD4D-4003-9780-A045BC17D610}
		{030C038B-ECA2-45A1-8CF4-8C04A98A973B} = {81C5B4A9-BD4D-4003-9780-A045BC17D610}
		{13563463-1BFF-4B91-9D93-7961B8432757} = {81C5B4A9-BD4D-4003-9780-A045BC17D610}
		{C8591ABB-AB9D-42AA-9BC5-618301525D24} = {81C5B4A9-BD4D-4003-9780-A045BC17D610}
		{B712872F-C96D-4026-A06C-B285738758B0} = {81C5B4A9-BD4D-4003-9780-A045BC17D610}
		{F3D82AC2-23C5-4620-9C39-8ECAA4BEB751} = {46D020DC-EFDD-4507-8A1E-98F86CFABAFD}
		{F3C74F03-641F-4B95-B258-9C85AB563862} = {46D020DC-EFDD-4507-8A1E-98F86CFABAFD}
		{45321329-6689-47CA-9550-B60BFA4105F8} = {46D020DC-EFDD-4507-8A1E-98F86CFABAFD}
		{0BA170CC-9A23-434B-886E-06F12EA566B4} = {46D020DC-EFDD-4507-8A1E-98F86CFABAFD}
		{5139F98A-F779-4979-8E26-E419D7119B0C} = {46D020DC-EFDD-4507-8A1E-98F86CFABAFD}
		{7B68269F-C424-44AF-9B84-E9556499334C} = {46D020DC-EFDD-4507-8A1E-98F86CFABAFD}
		{1FF7EF23-1066-4AEC-8C48-EAEF1705D88A} = {81C5B4A9-BD4D-4003-9780-A045BC17D610}
		{8AF7D016-0D02-4C0E-88B5-692CF0F4C7FB} = {46D020DC-EFDD-4507-8A1E-98F86CFABAFD}
		{EDACD4CD-4A50-46BC-8E2D-605B94145BC5} = {46D020DC-EFDD-4507-8A1E-98F86CFABAFD}
		{13EAC2ED-30CC-4794-ABD6-09FE7117061E} = {46D020DC-EFDD-4507-8A1E-98F86CFABAFD}
		{5AAEEA68-BF3F-4063-8A1F-01D9B7C4B2A1} = {E64D2FB1-CB8C-422F-B1E0-DDC81B368A93}
		{4C6F12D8-A5BB-4BF1-ABCC-54F4272179FD} = {C1929DD6-F1CD-4BC5-9D65-0C283A7135D9}
		{A6105BDF-46B2-49B5-B777-A3ECFB4447F7} = {C1929DD6-F1CD-4BC5-9D65-0C283A7135D9}
		{54287B6F-34EE-48B1-82B6-599B7796E78F} = {C1929DD6-F1CD-4BC5-9D65-0C283A7135D9}
		{51F23AE3-ED6F-4771-887F-7B3B25B164C7} = {C1929DD6-F1CD-4BC5-9D65-0C283A7135D9}
		{458C8080-2F88-4D97-87A9-DB10779C27BC} = {C1929DD6-F1CD-4BC5-9D65-0C283A7135D9}
		{AAF33F2E-961F-494F-9AE6-6AC6F8A083A4} = {C1929DD6-F1CD-4BC5-9D65-0C283A7135D9}
		{6F51B007-9681-44F3-8D64-2A4D2A9AFDB3} = {C1929DD6-F1CD-4BC5-9D65-0C283A7135D9}
		{6D81DACE-31FA-4F99-A31B-74AECE282F02} = {C1929DD6-F1CD-4BC5-9D65-0C283A7135D9}
		{35961DF1-F2E2-4BAC-9255-72BA9974A164} = {E32BF51F-9273-4458-ACD6-7B11B4B96DAA}
		{E25FD69C-B2CB-487A-BEDE-B2E736435D12} = {E32BF51F-9273-4458-ACD6-7B11B4B96DAA}
		{9B38E4FC-C732-4EE9-9BF6-A4A13B8D0EB3} = {E32BF51F-9273-4458-ACD6-7B11B4B96DAA}
		{C271DC21-55D3-4EB5-A616-040EE525C514} = {E32BF51F-9273-4458-ACD6-7B11B4B96DAA}
		{B5178B2E-63BF-4C29-BB7E-795663335F3A} = {E32BF51F-9273-4458-ACD6-7B11B4B96DAA}
		{E46E6604-B786-4F26-8F9C-B44A5AAEF935} = {E32BF51F-9273-4458-ACD6-7B11B4B96DAA}
		{FE326CA2-B920-4EEC-A845-051C78567144} = {E32BF51F-9273-4458-ACD6-7B11B4B96DAA}
		{882EB58E-3F75-4C35-B54D-94DD8E3D9D10} = {E1461019-79F5-420D-8AC5-8CA7F5093DDF}
		{1AC35A60-DE0D-4028-8648-F85C721D754B} = {E1461019-79F5-420D-8AC5-8CA7F5093DDF}
		{D8DED2CA-300F-4229-B3A8-7CF262ADFC31} = {E1461019-79F5-420D-8AC5-8CA7F5093DDF}
		{B0B92BED-A18F-4865-B267-55CD7F81AE49} = {E1461019-79F5-420D-8AC5-8CA7F5093DDF}
		{5981E46E-7D7D-4246-BC19-BBF5DF887711} = {E1461019-79F5-420D-8AC5-8CA7F5093DDF}
		{C399ADE3-24CC-4CD5-9B60-2526F471EF82} = {E1461019-79F5-420D-8AC5-8CA7F5093DDF}
		{BA7BAD35-490C-498F-89F8-4AE8BDDE5495} = {E7A4BE59-CE33-41B4-B5F9-7244311921ED}
		{75CE17B5-E36B-4F0B-9000-2693D1418185} = {E7A4BE59-CE33-41B4-B5F9-7244311921ED}
		{5C9B153B-F63A-4413-A1E2-FD290EF4E1EE} = {E7A4BE59-CE33-41B4-B5F9-7244311921ED}
		{559C7F0A-8763-401E-8E4D-0548E2B2115E} = {E7A4BE59-CE33-41B4-B5F9-7244311921ED}
		{CB23A8C5-56D7-4530-8303-318807BE2BA7} = {E7A4BE59-CE33-41B4-B5F9-7244311921ED}
		{AC6E04A4-E48C-41B3-B5A3-610C367CC0F8} = {488914C1-9E0C-4B7E-98C5-265254308657}
		{645EA4D8-376E-41D0-95DA-97E812A80375} = {488914C1-9E0C-4B7E-98C5-265254308657}
		{8A8B807A-9A37-4916-986E-98F5EAC46BFE} = {488914C1-9E0C-4B7E-98C5-265254308657}
		{1F4080F0-815F-4D92-862A-11EC6606AAE9} = {488914C1-9E0C-4B7E-98C5-265254308657}
		{A69D5ED6-CA2F-4B2F-B54E-A737D42E575D} = {488914C1-9E0C-4B7E-98C5-265254308657}
		{CDF58C87-E25C-49BC-9C8F-97F5D2F3DB87} = {488914C1-9E0C-4B7E-98C5-265254308657}
		{3C8A47A7-BF35-4527-BE6C-CF09F2E6790C} = {488914C1-9E0C-4B7E-98C5-265254308657}
		{6458C575-4385-4BFA-A447-0E4067AE125F} = {488914C1-9E0C-4B7E-98C5-265254308657}
	EndGlobalSection
	GlobalSection(ExtensibilityGlobals) = postSolution
		SolutionGuid = {2A7C651F-2BFE-4896-A57D-845815A83E5C}
	EndGlobalSection
EndGlobal
