
Microsoft Visual Studio Solution File, Format Version 12.00
# Visual Studio Version 16
VisualStudioVersion = 16.0.29806.167
MinimumVisualStudioVersion = 10.0.40219.1
Project("{FAE04EC0-301F-11D3-BF4B-00C04F79EFBC}") = "CS_demo01", "CS_demo01\CS_demo01.csproj", "{32A1EDD1-37BE-4621-88BB-6988D112E724}"
EndProject
Project("{F184B08F-C81C-45F6-A57F-5ABD9991F28F}") = "VB_demo01", "VB_demo01\VB_demo01.vbproj", "{D1437F6E-4A90-4F76-97F4-A51D30E3A111}"
EndProject
Project("{FAE04EC0-301F-11D3-BF4B-00C04F79EFBC}") = "CS_demo04", "CS_demo04\CS_demo04.csproj", "{B8B87E27-A52F-48C4-8BA3-E6772768F2C3}"
EndProject
Project("{FAE04EC0-301F-11D3-BF4B-00C04F79EFBC}") = "CS_demo02", "CS_demo02\CS_demo02.csproj", "{1BD797F0-2CE6-49D8-B7AB-87375DC960D8}"
EndProject
Project("{FAE04EC0-301F-11D3-BF4B-00C04F79EFBC}") = "CS_demo03", "CS_demo03\CS_demo03.csproj", "{9E8306B4-BA06-48FC-AA25-886432CD3D92}"
EndProject
Project("{F184B08F-C81C-45F6-A57F-5ABD9991F28F}") = "VB_demo04", "VB_demo04\VB_demo04.vbproj", "{4AEB5515-48FE-4543-B27E-E2E441DB5855}"
EndProject
Project("{FAE04EC0-301F-11D3-BF4B-00C04F79EFBC}") = "CS_demo05", "CS_demo05\CS_demo05.csproj", "{7565E4E1-AB68-43A0-AE34-51529B7F8DB7}"
EndProject
Project("{F184B08F-C81C-45F6-A57F-5ABD9991F28F}") = "VB_demo05", "VB_demo05\VB_demo05.vbproj", "{222B43A3-EA38-4C04-9CB9-90E5A5FE968D}"
EndProject
Project("{FAE04EC0-301F-11D3-BF4B-00C04F79EFBC}") = "CS_demo06", "CS_demo06\CS_demo06.csproj", "{F14FBC33-605D-4175-9BC4-FE39AAB32331}"
EndProject
Project("{F184B08F-C81C-45F6-A57F-5ABD9991F28F}") = "VB_demo06", "VB_demo06\VB_demo06.vbproj", "{A99E535D-5103-456F-83E6-38D70093101A}"
EndProject
Project("{F184B08F-C81C-45F6-A57F-5ABD9991F28F}") = "VB_demo07", "VB_demo07\VB_demo07.vbproj", "{06FA47BB-F2ED-4661-8132-9F65E9AB6A8A}"
EndProject
Project("{FAE04EC0-301F-11D3-BF4B-00C04F79EFBC}") = "CS_demo07", "CS_demo07\CS_demo07.csproj", "{B75B9F4C-5BA1-469D-A732-50551BFEFB42}"
EndProject
Project("{FAE04EC0-301F-11D3-BF4B-00C04F79EFBC}") = "CS_demo08", "CS_demo08\CS_demo08.csproj", "{BE0675C0-F337-49A1-BD03-917550E8507A}"
EndProject
Project("{F184B08F-C81C-45F6-A57F-5ABD9991F28F}") = "VB_demo08", "VB_demo08\VB_demo08.vbproj", "{9D6F5BB0-8B0C-4B8C-BFB1-CE95E83348A8}"
EndProject
Project("{2150E333-8FDC-42A3-9474-1A3956D46DE8}") = "CH03_條件決策判斷與迴圈", "CH03_條件決策判斷與迴圈", "{16F67C77-8AB0-4694-B26E-A6404C129B9D}"
EndProject
Project("{2150E333-8FDC-42A3-9474-1A3956D46DE8}") = "CH01andCH02", "CH01andCH02", "{3BE672F6-C805-4F64-A224-0D7C8DE9FC74}"
EndProject
Project("{FAE04EC0-301F-11D3-BF4B-00C04F79EFBC}") = "CS_demo09", "CS_demo09\CS_demo09.csproj", "{4BB7AF8B-B01E-4007-9EAE-D5FF006E2455}"
EndProject
Project("{F184B08F-C81C-45F6-A57F-5ABD9991F28F}") = "VB_demo09", "VB_demo09\VB_demo09.vbproj", "{BDCB4998-5F64-4946-8E2C-C57D5F6C17DD}"
EndProject
Project("{F184B08F-C81C-45F6-A57F-5ABD9991F28F}") = "VB_demo10", "VB_demo10\VB_demo10.vbproj", "{A448050F-8C5B-426B-8F2E-764DF9D17CDC}"
EndProject
Project("{FAE04EC0-301F-11D3-BF4B-00C04F79EFBC}") = "CS_demo10", "CS_demo10\CS_demo10.csproj", "{F7C710C3-C245-4EF6-A32F-7C53E77BB6F7}"
EndProject
Project("{2150E333-8FDC-42A3-9474-1A3956D46DE8}") = "CH04_程序與方法", "CH04_程序與方法", "{2469CC67-D5EC-49F8-9CE7-00255E0EE5ED}"
EndProject
Project("{FAE04EC0-301F-11D3-BF4B-00C04F79EFBC}") = "CS_demo11", "CS_demo11\CS_demo11.csproj", "{A4C63C9C-4C9B-4236-BE3D-B86D4BA2F6E3}"
EndProject
Project("{F184B08F-C81C-45F6-A57F-5ABD9991F28F}") = "VB_demo11", "VB_demo11\VB_demo11.vbproj", "{C55E6339-E616-40C4-81B7-EDFCCB102EB3}"
EndProject
Project("{F184B08F-C81C-45F6-A57F-5ABD9991F28F}") = "VB_demo12", "VB_demo12\VB_demo12.vbproj", "{B67F27C5-2970-4142-8620-79DBB446BC23}"
EndProject
Project("{F184B08F-C81C-45F6-A57F-5ABD9991F28F}") = "VB_demo13", "VB_demo13\VB_demo13.vbproj", "{0BC71BEC-6C36-497D-A3CD-D496E40C9A0D}"
EndProject
Project("{FAE04EC0-301F-11D3-BF4B-00C04F79EFBC}") = "CS_demo12", "CS_demo12\CS_demo12.csproj", "{75399029-AB86-49BA-8676-F8709851927B}"
EndProject
Project("{2150E333-8FDC-42A3-9474-1A3956D46DE8}") = "CH05_Array", "CH05_Array", "{0A5C7EBF-EC52-4681-81B5-01DE9E62DF35}"
EndProject
Project("{FAE04EC0-301F-11D3-BF4B-00C04F79EFBC}") = "CS_demo13", "CS_demo13\CS_demo13.csproj", "{3B77A1B2-ECD6-4C3D-B0F8-235A64702F5F}"
EndProject
Project("{F184B08F-C81C-45F6-A57F-5ABD9991F28F}") = "VB_demo14", "VB_demo14\VB_demo14.vbproj", "{F45AD950-9A16-4607-A929-28D80984ADF5}"
EndProject
Project("{2150E333-8FDC-42A3-9474-1A3956D46DE8}") = "CH06_類別_屬性_方法_類別圖", "CH06_類別_屬性_方法_類別圖", "{F0F9CD4E-69B8-4CBD-919A-311F8F891599}"
EndProject
Project("{F184B08F-C81C-45F6-A57F-5ABD9991F28F}") = "VB_demo02", "VB_demo02\VB_demo02.vbproj", "{2A46A450-EF28-45C8-9236-7D19150CE7F9}"
EndProject
Project("{F184B08F-C81C-45F6-A57F-5ABD9991F28F}") = "VB_demo03", "VB_demo03\VB_demo03.vbproj", "{B256DB85-E596-4716-9C0E-8717E227AA07}"
EndProject
Project("{FAE04EC0-301F-11D3-BF4B-00C04F79EFBC}") = "CS_demo14", "CS_demo14\CS_demo14.csproj", "{92C777D3-1285-4A82-9E2F-DC4902E1476B}"
EndProject
Project("{F184B08F-C81C-45F6-A57F-5ABD9991F28F}") = "VB_demo15", "VB_demo15\VB_demo15.vbproj", "{8AEFA177-1D02-4EA5-88A9-3B9D384B48DC}"
EndProject
Project("{F184B08F-C81C-45F6-A57F-5ABD9991F28F}") = "VB_demo16", "VB_demo16\VB_demo16.vbproj", "{9621404C-9E50-4A55-A1B6-FFF8DD9DB988}"
EndProject
Project("{FAE04EC0-301F-11D3-BF4B-00C04F79EFBC}") = "CS_demo15", "CS_demo15\CS_demo15.csproj", "{31F94985-F0BB-40DF-98CE-48B5F3210C4A}"
EndProject
Project("{F184B08F-C81C-45F6-A57F-5ABD9991F28F}") = "VB_demo17", "VB_demo17\VB_demo17.vbproj", "{CA959DE9-40D9-4CEC-B290-DF4814050685}"
EndProject
Project("{FAE04EC0-301F-11D3-BF4B-00C04F79EFBC}") = "CS_demo16", "CS_demo16\CS_demo16.csproj", "{6BF7AFAC-FC76-4A4C-BA01-904EF63D4AA8}"
EndProject
Project("{F184B08F-C81C-45F6-A57F-5ABD9991F28F}") = "VB_demo18", "VB_demo18\VB_demo18.vbproj", "{024CD503-EF63-4C12-B131-0087D8BE8E82}"
EndProject
Project("{2150E333-8FDC-42A3-9474-1A3956D46DE8}") = "CH07_繼承_多型_介面", "CH07_繼承_多型_介面", "{D4BAB8AF-38C3-40D0-A2F9-42AD79F4220A}"
EndProject
Project("{FAE04EC0-301F-11D3-BF4B-00C04F79EFBC}") = "CS_demo18", "CS_demo18\CS_demo18.csproj", "{000C1B14-F126-4D22-8670-66FD3159991D}"
EndProject
Project("{F184B08F-C81C-45F6-A57F-5ABD9991F28F}") = "VB_demo19", "VB_demo19\VB_demo19.vbproj", "{BF266098-0C8C-41A8-806A-C982E9673064}"
EndProject
Project("{FAE04EC0-301F-11D3-BF4B-00C04F79EFBC}") = "CS_demo19", "CS_demo19\CS_demo19.csproj", "{F7632454-81C4-4ECD-9120-E690F1D3CFEF}"
EndProject
Project("{F184B08F-C81C-45F6-A57F-5ABD9991F28F}") = "VB_demo20", "VB_demo20\VB_demo20.vbproj", "{5622C0DD-D121-410B-A33E-5540470CC931}"
EndProject
Project("{FAE04EC0-301F-11D3-BF4B-00C04F79EFBC}") = "CS_demo20", "CS_demo20\CS_demo20.csproj", "{628ED669-CBA7-4FD5-842B-0AD63C8AB643}"
EndProject
Project("{F184B08F-C81C-45F6-A57F-5ABD9991F28F}") = "VB_demo21", "VB_demo21\VB_demo21.vbproj", "{05CDA02E-FD15-4BEF-A8AC-288179A2F515}"
EndProject
Project("{FAE04EC0-301F-11D3-BF4B-00C04F79EFBC}") = "CS_demo21", "CS_demo21\CS_demo21.csproj", "{25F2D17A-CC1A-45A6-8BD9-EB2B7C2FA918}"
EndProject
Project("{F184B08F-C81C-45F6-A57F-5ABD9991F28F}") = "VB_demo22", "VB_demo22\VB_demo22.vbproj", "{E3747282-377C-4B29-BA37-0C318C5F5A0C}"
EndProject
Project("{2150E333-8FDC-42A3-9474-1A3956D46DE8}") = "CH08_File_IO_Exception", "CH08_File_IO_Exception", "{B5F5A42F-0563-4F02-A7AF-BEC2DCFE56BF}"
EndProject
Project("{FAE04EC0-301F-11D3-BF4B-00C04F79EFBC}") = "CS_demo22", "CS_demo22\CS_demo22.csproj", "{CBBC4014-7DCA-46F6-B38C-ACC5B472563C}"
EndProject
Project("{F184B08F-C81C-45F6-A57F-5ABD9991F28F}") = "VB_demo23", "VB_demo23\VB_demo23.vbproj", "{92E80C21-81E6-4991-80F2-8D5F42B2177C}"
EndProject
Project("{FAE04EC0-301F-11D3-BF4B-00C04F79EFBC}") = "CS_demo23", "CS_demo23\CS_demo23.csproj", "{3C2BB217-EB3F-49E1-A3ED-06F707FEEE3E}"
EndProject
Project("{F184B08F-C81C-45F6-A57F-5ABD9991F28F}") = "VB_demo24", "VB_demo24\VB_demo24.vbproj", "{A5765574-9C9A-4813-97E4-E8422C10A812}"
EndProject
Project("{FAE04EC0-301F-11D3-BF4B-00C04F79EFBC}") = "CS_demo24", "CS_demo24\CS_demo24.csproj", "{BDC9591A-BAE7-4FA0-A6CA-06045530E4AF}"
EndProject
Project("{F184B08F-C81C-45F6-A57F-5ABD9991F28F}") = "VB_demo25", "VB_demo25\VB_demo25.vbproj", "{E2725148-346A-49E7-8056-2E67B9F7ABB0}"
EndProject
Project("{FAE04EC0-301F-11D3-BF4B-00C04F79EFBC}") = "CS_demo25", "CS_demo25\CS_demo25.csproj", "{03E5FB15-AD95-4BBB-A1A0-A06ED8469532}"
EndProject
Project("{F184B08F-C81C-45F6-A57F-5ABD9991F28F}") = "VB_demo26", "VB_demo26\VB_demo26.vbproj", "{44D36C70-C2E8-42D4-A421-8CB0AFE0D536}"
EndProject
Project("{2150E333-8FDC-42A3-9474-1A3956D46DE8}") = "CH09_委派_事件_集合", "CH09_委派_事件_集合", "{6C24C131-CCCB-4A61-9CD5-1E7BBD8A01E9}"
EndProject
Project("{FAE04EC0-301F-11D3-BF4B-00C04F79EFBC}") = "CS_demo26", "CS_demo26\CS_demo26.csproj", "{9BD43E86-AD1B-4E8A-A78B-1012564C38C0}"
EndProject
Project("{2150E333-8FDC-42A3-9474-1A3956D46DE8}") = "CH10_ADO基本資料存取", "CH10_ADO基本資料存取", "{84ABF3BF-5A37-46FB-AD1A-A741AD4C9177}"
EndProject
Project("{FAE04EC0-301F-11D3-BF4B-00C04F79EFBC}") = "CS_demo30", "CS_demo30\CS_demo30.csproj", "{0C7B6A2F-D8DC-48F7-A286-E5CEF45BFDA6}"
EndProject
Project("{F184B08F-C81C-45F6-A57F-5ABD9991F28F}") = "VB_demo31", "VB_demo31\VB_demo31.vbproj", "{880B6091-54E2-4C38-8CF7-DC4DAA414E3F}"
EndProject
Project("{F184B08F-C81C-45F6-A57F-5ABD9991F28F}") = "VB_demo27", "VB_demo27\VB_demo27.vbproj", "{5C2F1521-1400-4D7D-B6DF-BC9B158388FB}"
EndProject
Project("{FAE04EC0-301F-11D3-BF4B-00C04F79EFBC}") = "CS_demo27", "CS_demo27\CS_demo27.csproj", "{3745FD16-746A-487F-A2F9-DD2799B78082}"
EndProject
Project("{F184B08F-C81C-45F6-A57F-5ABD9991F28F}") = "VB_demo28", "VB_demo28\VB_demo28.vbproj", "{B7947D47-FC3C-4967-B96F-9E5BC78ADBDA}"
EndProject
Project("{FAE04EC0-301F-11D3-BF4B-00C04F79EFBC}") = "CS_demo28", "CS_demo28\CS_demo28.csproj", "{5BC8F96B-3D11-4CFF-9B54-3598CC583F3B}"
EndProject
Project("{F184B08F-C81C-45F6-A57F-5ABD9991F28F}") = "VB_demo29", "VB_demo29\VB_demo29.vbproj", "{E115C7CF-2D0D-4DCB-8BC1-39B29221821A}"
EndProject
Project("{FAE04EC0-301F-11D3-BF4B-00C04F79EFBC}") = "CS_demo29", "CS_demo29\CS_demo29.csproj", "{C66B7ECC-CF40-46B7-B62F-FA5A00256FC3}"
EndProject
Project("{F184B08F-C81C-45F6-A57F-5ABD9991F28F}") = "VB_demo30", "VB_demo30\VB_demo30.vbproj", "{769A8732-68A8-4B37-8DB7-363EBF267357}"
EndProject
Project("{2150E333-8FDC-42A3-9474-1A3956D46DE8}") = "CH11_WEB及XML_WEBSERVICE", "CH11_WEB及XML_WEBSERVICE", "{2A0CCF7C-880D-4714-A292-724164589CF8}"
EndProject
Project("{FAE04EC0-301F-11D3-BF4B-00C04F79EFBC}") = "CS_demo31", "CS_demo31\CS_demo31.csproj", "{4B77C363-30C8-4722-BE6D-122EC5E8D953}"
EndProject
Project("{F184B08F-C81C-45F6-A57F-5ABD9991F28F}") = "VB_demo32", "VB_demo32\VB_demo32.vbproj", "{27DC8022-FA08-4672-A69E-AAEDA40B55FB}"
EndProject
Project("{FAE04EC0-301F-11D3-BF4B-00C04F79EFBC}") = "CS_demo32", "CS_demo32\CS_demo32.csproj", "{EAC231BB-F230-4900-98F0-FE3C3D07BF6A}"
EndProject
Project("{F184B08F-C81C-45F6-A57F-5ABD9991F28F}") = "VB_demo33", "VB_demo33\VB_demo33.vbproj", "{A7473612-7E20-4891-9684-4C8D91CDAB01}"
EndProject
Project("{F184B08F-C81C-45F6-A57F-5ABD9991F28F}") = "VB_demo34", "VB_demo34\VB_demo34.vbproj", "{95A941F8-5552-41AC-B586-9D8388C09C03}"
EndProject
Project("{F184B08F-C81C-45F6-A57F-5ABD9991F28F}") = "VB_demo35", "VB_demo35\VB_demo35.vbproj", "{306BEA08-BFC1-4EAD-BA6E-DFDF1AEF3E67}"
	ProjectSection(ProjectDependencies) = postProject
		{95A941F8-5552-41AC-B586-9D8388C09C03} = {95A941F8-5552-41AC-B586-9D8388C09C03}
	EndProjectSection
EndProject
Project("{FAE04EC0-301F-11D3-BF4B-00C04F79EFBC}") = "CS_demo33", "CS_demo33\CS_demo33.csproj", "{9449DD77-D5CB-491B-9F02-858B384BD529}"
EndProject
Project("{FAE04EC0-301F-11D3-BF4B-00C04F79EFBC}") = "CS_demo34", "CS_demo34\CS_demo34.csproj", "{684AE5B1-86DF-4F78-9641-E432F2BAC292}"
	ProjectSection(ProjectDependencies) = postProject
		{9449DD77-D5CB-491B-9F02-858B384BD529} = {9449DD77-D5CB-491B-9F02-858B384BD529}
	EndProjectSection
EndProject
Project("{2150E333-8FDC-42A3-9474-1A3956D46DE8}") = "CH12_LINQ", "CH12_LINQ", "{26FDD87A-79A9-4C8A-9DCE-E7FD5A397BA3}"
EndProject
Project("{FAE04EC0-301F-11D3-BF4B-00C04F79EFBC}") = "MyDelegate", "MyDelegate\MyDelegate.csproj", "{1C51BC9A-5005-4B33-A875-B7746D2FF79C}"
EndProject
Project("{FAE04EC0-301F-11D3-BF4B-00C04F79EFBC}") = "MyExtnesionMethod", "MyExtnesionMethod\MyExtnesionMethod.csproj", "{C970F2F3-BA82-4808-8EFA-D73C2808491A}"
EndProject
Project("{FAE04EC0-301F-11D3-BF4B-00C04F79EFBC}") = "MyLINQ", "MyLINQ\MyLINQ.csproj", "{DBD35BA6-3F5E-46C7-AA9A-87FE421C3885}"
EndProject
Project("{FAE04EC0-301F-11D3-BF4B-00C04F79EFBC}") = "CS_demo35", "CS_demo35\CS_demo35.csproj", "{9D7F5F15-0A26-4C71-8F81-0B085570F0E9}"
EndProject
Project("{FAE04EC0-301F-11D3-BF4B-00C04F79EFBC}") = "MyDemo", "MyDemo\MyDemo.csproj", "{4127D8E0-6590-4745-963A-4DBC39F4FB84}"
EndProject
Project("{F184B08F-C81C-45F6-A57F-5ABD9991F28F}") = "VB_demo36", "VB_demo36\VB_demo36.vbproj", "{16DB8FA7-D3E0-4023-A27D-C9CDF6627E2B}"
EndProject
Global
	GlobalSection(SolutionConfigurationPlatforms) = preSolution
		Debug|Any CPU = Debug|Any CPU
		Debug|x86 = Debug|x86
		Release|Any CPU = Release|Any CPU
		Release|x86 = Release|x86
	EndGlobalSection
	GlobalSection(ProjectConfigurationPlatforms) = postSolution
		{32A1EDD1-37BE-4621-88BB-6988D112E724}.Debug|Any CPU.ActiveCfg = Debug|Any CPU
		{32A1EDD1-37BE-4621-88BB-6988D112E724}.Debug|Any CPU.Build.0 = Debug|Any CPU
		{32A1EDD1-37BE-4621-88BB-6988D112E724}.Debug|x86.ActiveCfg = Debug|Any CPU
		{32A1EDD1-37BE-4621-88BB-6988D112E724}.Debug|x86.Build.0 = Debug|Any CPU
		{32A1EDD1-37BE-4621-88BB-6988D112E724}.Release|Any CPU.ActiveCfg = Release|Any CPU
		{32A1EDD1-37BE-4621-88BB-6988D112E724}.Release|Any CPU.Build.0 = Release|Any CPU
		{32A1EDD1-37BE-4621-88BB-6988D112E724}.Release|x86.ActiveCfg = Release|Any CPU
		{32A1EDD1-37BE-4621-88BB-6988D112E724}.Release|x86.Build.0 = Release|Any CPU
		{D1437F6E-4A90-4F76-97F4-A51D30E3A111}.Debug|Any CPU.ActiveCfg = Debug|Any CPU
		{D1437F6E-4A90-4F76-97F4-A51D30E3A111}.Debug|Any CPU.Build.0 = Debug|Any CPU
		{D1437F6E-4A90-4F76-97F4-A51D30E3A111}.Debug|x86.ActiveCfg = Debug|Any CPU
		{D1437F6E-4A90-4F76-97F4-A51D30E3A111}.Debug|x86.Build.0 = Debug|Any CPU
		{D1437F6E-4A90-4F76-97F4-A51D30E3A111}.Release|Any CPU.ActiveCfg = Release|Any CPU
		{D1437F6E-4A90-4F76-97F4-A51D30E3A111}.Release|Any CPU.Build.0 = Release|Any CPU
		{D1437F6E-4A90-4F76-97F4-A51D30E3A111}.Release|x86.ActiveCfg = Release|Any CPU
		{D1437F6E-4A90-4F76-97F4-A51D30E3A111}.Release|x86.Build.0 = Release|Any CPU
		{B8B87E27-A52F-48C4-8BA3-E6772768F2C3}.Debug|Any CPU.ActiveCfg = Debug|Any CPU
		{B8B87E27-A52F-48C4-8BA3-E6772768F2C3}.Debug|Any CPU.Build.0 = Debug|Any CPU
		{B8B87E27-A52F-48C4-8BA3-E6772768F2C3}.Debug|x86.ActiveCfg = Debug|Any CPU
		{B8B87E27-A52F-48C4-8BA3-E6772768F2C3}.Debug|x86.Build.0 = Debug|Any CPU
		{B8B87E27-A52F-48C4-8BA3-E6772768F2C3}.Release|Any CPU.ActiveCfg = Release|Any CPU
		{B8B87E27-A52F-48C4-8BA3-E6772768F2C3}.Release|Any CPU.Build.0 = Release|Any CPU
		{B8B87E27-A52F-48C4-8BA3-E6772768F2C3}.Release|x86.ActiveCfg = Release|Any CPU
		{B8B87E27-A52F-48C4-8BA3-E6772768F2C3}.Release|x86.Build.0 = Release|Any CPU
		{1BD797F0-2CE6-49D8-B7AB-87375DC960D8}.Debug|Any CPU.ActiveCfg = Debug|Any CPU
		{1BD797F0-2CE6-49D8-B7AB-87375DC960D8}.Debug|Any CPU.Build.0 = Debug|Any CPU
		{1BD797F0-2CE6-49D8-B7AB-87375DC960D8}.Debug|x86.ActiveCfg = Debug|Any CPU
		{1BD797F0-2CE6-49D8-B7AB-87375DC960D8}.Debug|x86.Build.0 = Debug|Any CPU
		{1BD797F0-2CE6-49D8-B7AB-87375DC960D8}.Release|Any CPU.ActiveCfg = Release|Any CPU
		{1BD797F0-2CE6-49D8-B7AB-87375DC960D8}.Release|Any CPU.Build.0 = Release|Any CPU
		{1BD797F0-2CE6-49D8-B7AB-87375DC960D8}.Release|x86.ActiveCfg = Release|Any CPU
		{1BD797F0-2CE6-49D8-B7AB-87375DC960D8}.Release|x86.Build.0 = Release|Any CPU
		{9E8306B4-BA06-48FC-AA25-886432CD3D92}.Debug|Any CPU.ActiveCfg = Debug|Any CPU
		{9E8306B4-BA06-48FC-AA25-886432CD3D92}.Debug|Any CPU.Build.0 = Debug|Any CPU
		{9E8306B4-BA06-48FC-AA25-886432CD3D92}.Debug|x86.ActiveCfg = Debug|Any CPU
		{9E8306B4-BA06-48FC-AA25-886432CD3D92}.Debug|x86.Build.0 = Debug|Any CPU
		{9E8306B4-BA06-48FC-AA25-886432CD3D92}.Release|Any CPU.ActiveCfg = Release|Any CPU
		{9E8306B4-BA06-48FC-AA25-886432CD3D92}.Release|Any CPU.Build.0 = Release|Any CPU
		{9E8306B4-BA06-48FC-AA25-886432CD3D92}.Release|x86.ActiveCfg = Release|Any CPU
		{9E8306B4-BA06-48FC-AA25-886432CD3D92}.Release|x86.Build.0 = Release|Any CPU
		{4AEB5515-48FE-4543-B27E-E2E441DB5855}.Debug|Any CPU.ActiveCfg = Debug|Any CPU
		{4AEB5515-48FE-4543-B27E-E2E441DB5855}.Debug|Any CPU.Build.0 = Debug|Any CPU
		{4AEB5515-48FE-4543-B27E-E2E441DB5855}.Debug|x86.ActiveCfg = Debug|Any CPU
		{4AEB5515-48FE-4543-B27E-E2E441DB5855}.Debug|x86.Build.0 = Debug|Any CPU
		{4AEB5515-48FE-4543-B27E-E2E441DB5855}.Release|Any CPU.ActiveCfg = Release|Any CPU
		{4AEB5515-48FE-4543-B27E-E2E441DB5855}.Release|Any CPU.Build.0 = Release|Any CPU
		{4AEB5515-48FE-4543-B27E-E2E441DB5855}.Release|x86.ActiveCfg = Release|Any CPU
		{4AEB5515-48FE-4543-B27E-E2E441DB5855}.Release|x86.Build.0 = Release|Any CPU
		{7565E4E1-AB68-43A0-AE34-51529B7F8DB7}.Debug|Any CPU.ActiveCfg = Debug|Any CPU
		{7565E4E1-AB68-43A0-AE34-51529B7F8DB7}.Debug|Any CPU.Build.0 = Debug|Any CPU
		{7565E4E1-AB68-43A0-AE34-51529B7F8DB7}.Debug|x86.ActiveCfg = Debug|Any CPU
		{7565E4E1-AB68-43A0-AE34-51529B7F8DB7}.Debug|x86.Build.0 = Debug|Any CPU
		{7565E4E1-AB68-43A0-AE34-51529B7F8DB7}.Release|Any CPU.ActiveCfg = Release|Any CPU
		{7565E4E1-AB68-43A0-AE34-51529B7F8DB7}.Release|Any CPU.Build.0 = Release|Any CPU
		{7565E4E1-AB68-43A0-AE34-51529B7F8DB7}.Release|x86.ActiveCfg = Release|Any CPU
		{7565E4E1-AB68-43A0-AE34-51529B7F8DB7}.Release|x86.Build.0 = Release|Any CPU
		{222B43A3-EA38-4C04-9CB9-90E5A5FE968D}.Debug|Any CPU.ActiveCfg = Debug|Any CPU
		{222B43A3-EA38-4C04-9CB9-90E5A5FE968D}.Debug|Any CPU.Build.0 = Debug|Any CPU
		{222B43A3-EA38-4C04-9CB9-90E5A5FE968D}.Debug|x86.ActiveCfg = Debug|Any CPU
		{222B43A3-EA38-4C04-9CB9-90E5A5FE968D}.Debug|x86.Build.0 = Debug|Any CPU
		{222B43A3-EA38-4C04-9CB9-90E5A5FE968D}.Release|Any CPU.ActiveCfg = Release|Any CPU
		{222B43A3-EA38-4C04-9CB9-90E5A5FE968D}.Release|Any CPU.Build.0 = Release|Any CPU
		{222B43A3-EA38-4C04-9CB9-90E5A5FE968D}.Release|x86.ActiveCfg = Release|Any CPU
		{222B43A3-EA38-4C04-9CB9-90E5A5FE968D}.Release|x86.Build.0 = Release|Any CPU
		{F14FBC33-605D-4175-9BC4-FE39AAB32331}.Debug|Any CPU.ActiveCfg = Debug|Any CPU
		{F14FBC33-605D-4175-9BC4-FE39AAB32331}.Debug|Any CPU.Build.0 = Debug|Any CPU
		{F14FBC33-605D-4175-9BC4-FE39AAB32331}.Debug|x86.ActiveCfg = Debug|Any CPU
		{F14FBC33-605D-4175-9BC4-FE39AAB32331}.Debug|x86.Build.0 = Debug|Any CPU
		{F14FBC33-605D-4175-9BC4-FE39AAB32331}.Release|Any CPU.ActiveCfg = Release|Any CPU
		{F14FBC33-605D-4175-9BC4-FE39AAB32331}.Release|Any CPU.Build.0 = Release|Any CPU
		{F14FBC33-605D-4175-9BC4-FE39AAB32331}.Release|x86.ActiveCfg = Release|Any CPU
		{F14FBC33-605D-4175-9BC4-FE39AAB32331}.Release|x86.Build.0 = Release|Any CPU
		{A99E535D-5103-456F-83E6-38D70093101A}.Debug|Any CPU.ActiveCfg = Debug|Any CPU
		{A99E535D-5103-456F-83E6-38D70093101A}.Debug|Any CPU.Build.0 = Debug|Any CPU
		{A99E535D-5103-456F-83E6-38D70093101A}.Debug|x86.ActiveCfg = Debug|Any CPU
		{A99E535D-5103-456F-83E6-38D70093101A}.Debug|x86.Build.0 = Debug|Any CPU
		{A99E535D-5103-456F-83E6-38D70093101A}.Release|Any CPU.ActiveCfg = Release|Any CPU
		{A99E535D-5103-456F-83E6-38D70093101A}.Release|Any CPU.Build.0 = Release|Any CPU
		{A99E535D-5103-456F-83E6-38D70093101A}.Release|x86.ActiveCfg = Release|Any CPU
		{A99E535D-5103-456F-83E6-38D70093101A}.Release|x86.Build.0 = Release|Any CPU
		{06FA47BB-F2ED-4661-8132-9F65E9AB6A8A}.Debug|Any CPU.ActiveCfg = Debug|Any CPU
		{06FA47BB-F2ED-4661-8132-9F65E9AB6A8A}.Debug|Any CPU.Build.0 = Debug|Any CPU
		{06FA47BB-F2ED-4661-8132-9F65E9AB6A8A}.Debug|x86.ActiveCfg = Debug|Any CPU
		{06FA47BB-F2ED-4661-8132-9F65E9AB6A8A}.Debug|x86.Build.0 = Debug|Any CPU
		{06FA47BB-F2ED-4661-8132-9F65E9AB6A8A}.Release|Any CPU.ActiveCfg = Release|Any CPU
		{06FA47BB-F2ED-4661-8132-9F65E9AB6A8A}.Release|Any CPU.Build.0 = Release|Any CPU
		{06FA47BB-F2ED-4661-8132-9F65E9AB6A8A}.Release|x86.ActiveCfg = Release|Any CPU
		{06FA47BB-F2ED-4661-8132-9F65E9AB6A8A}.Release|x86.Build.0 = Release|Any CPU
		{B75B9F4C-5BA1-469D-A732-50551BFEFB42}.Debug|Any CPU.ActiveCfg = Debug|Any CPU
		{B75B9F4C-5BA1-469D-A732-50551BFEFB42}.Debug|Any CPU.Build.0 = Debug|Any CPU
		{B75B9F4C-5BA1-469D-A732-50551BFEFB42}.Debug|x86.ActiveCfg = Debug|Any CPU
		{B75B9F4C-5BA1-469D-A732-50551BFEFB42}.Debug|x86.Build.0 = Debug|Any CPU
		{B75B9F4C-5BA1-469D-A732-50551BFEFB42}.Release|Any CPU.ActiveCfg = Release|Any CPU
		{B75B9F4C-5BA1-469D-A732-50551BFEFB42}.Release|Any CPU.Build.0 = Release|Any CPU
		{B75B9F4C-5BA1-469D-A732-50551BFEFB42}.Release|x86.ActiveCfg = Release|Any CPU
		{B75B9F4C-5BA1-469D-A732-50551BFEFB42}.Release|x86.Build.0 = Release|Any CPU
		{BE0675C0-F337-49A1-BD03-917550E8507A}.Debug|Any CPU.ActiveCfg = Debug|Any CPU
		{BE0675C0-F337-49A1-BD03-917550E8507A}.Debug|Any CPU.Build.0 = Debug|Any CPU
		{BE0675C0-F337-49A1-BD03-917550E8507A}.Debug|x86.ActiveCfg = Debug|Any CPU
		{BE0675C0-F337-49A1-BD03-917550E8507A}.Debug|x86.Build.0 = Debug|Any CPU
		{BE0675C0-F337-49A1-BD03-917550E8507A}.Release|Any CPU.ActiveCfg = Release|Any CPU
		{BE0675C0-F337-49A1-BD03-917550E8507A}.Release|Any CPU.Build.0 = Release|Any CPU
		{BE0675C0-F337-49A1-BD03-917550E8507A}.Release|x86.ActiveCfg = Release|Any CPU
		{BE0675C0-F337-49A1-BD03-917550E8507A}.Release|x86.Build.0 = Release|Any CPU
		{9D6F5BB0-8B0C-4B8C-BFB1-CE95E83348A8}.Debug|Any CPU.ActiveCfg = Debug|Any CPU
		{9D6F5BB0-8B0C-4B8C-BFB1-CE95E83348A8}.Debug|Any CPU.Build.0 = Debug|Any CPU
		{9D6F5BB0-8B0C-4B8C-BFB1-CE95E83348A8}.Debug|x86.ActiveCfg = Debug|Any CPU
		{9D6F5BB0-8B0C-4B8C-BFB1-CE95E83348A8}.Debug|x86.Build.0 = Debug|Any CPU
		{9D6F5BB0-8B0C-4B8C-BFB1-CE95E83348A8}.Release|Any CPU.ActiveCfg = Release|Any CPU
		{9D6F5BB0-8B0C-4B8C-BFB1-CE95E83348A8}.Release|Any CPU.Build.0 = Release|Any CPU
		{9D6F5BB0-8B0C-4B8C-BFB1-CE95E83348A8}.Release|x86.ActiveCfg = Release|Any CPU
		{9D6F5BB0-8B0C-4B8C-BFB1-CE95E83348A8}.Release|x86.Build.0 = Release|Any CPU
		{4BB7AF8B-B01E-4007-9EAE-D5FF006E2455}.Debug|Any CPU.ActiveCfg = Debug|Any CPU
		{4BB7AF8B-B01E-4007-9EAE-D5FF006E2455}.Debug|Any CPU.Build.0 = Debug|Any CPU
		{4BB7AF8B-B01E-4007-9EAE-D5FF006E2455}.Debug|x86.ActiveCfg = Debug|Any CPU
		{4BB7AF8B-B01E-4007-9EAE-D5FF006E2455}.Debug|x86.Build.0 = Debug|Any CPU
		{4BB7AF8B-B01E-4007-9EAE-D5FF006E2455}.Release|Any CPU.ActiveCfg = Release|Any CPU
		{4BB7AF8B-B01E-4007-9EAE-D5FF006E2455}.Release|Any CPU.Build.0 = Release|Any CPU
		{4BB7AF8B-B01E-4007-9EAE-D5FF006E2455}.Release|x86.ActiveCfg = Release|Any CPU
		{4BB7AF8B-B01E-4007-9EAE-D5FF006E2455}.Release|x86.Build.0 = Release|Any CPU
		{BDCB4998-5F64-4946-8E2C-C57D5F6C17DD}.Debug|Any CPU.ActiveCfg = Debug|Any CPU
		{BDCB4998-5F64-4946-8E2C-C57D5F6C17DD}.Debug|Any CPU.Build.0 = Debug|Any CPU
		{BDCB4998-5F64-4946-8E2C-C57D5F6C17DD}.Debug|x86.ActiveCfg = Debug|Any CPU
		{BDCB4998-5F64-4946-8E2C-C57D5F6C17DD}.Debug|x86.Build.0 = Debug|Any CPU
		{BDCB4998-5F64-4946-8E2C-C57D5F6C17DD}.Release|Any CPU.ActiveCfg = Release|Any CPU
		{BDCB4998-5F64-4946-8E2C-C57D5F6C17DD}.Release|Any CPU.Build.0 = Release|Any CPU
		{BDCB4998-5F64-4946-8E2C-C57D5F6C17DD}.Release|x86.ActiveCfg = Release|Any CPU
		{BDCB4998-5F64-4946-8E2C-C57D5F6C17DD}.Release|x86.Build.0 = Release|Any CPU
		{A448050F-8C5B-426B-8F2E-764DF9D17CDC}.Debug|Any CPU.ActiveCfg = Debug|Any CPU
		{A448050F-8C5B-426B-8F2E-764DF9D17CDC}.Debug|Any CPU.Build.0 = Debug|Any CPU
		{A448050F-8C5B-426B-8F2E-764DF9D17CDC}.Debug|x86.ActiveCfg = Debug|Any CPU
		{A448050F-8C5B-426B-8F2E-764DF9D17CDC}.Debug|x86.Build.0 = Debug|Any CPU
		{A448050F-8C5B-426B-8F2E-764DF9D17CDC}.Release|Any CPU.ActiveCfg = Release|Any CPU
		{A448050F-8C5B-426B-8F2E-764DF9D17CDC}.Release|Any CPU.Build.0 = Release|Any CPU
		{A448050F-8C5B-426B-8F2E-764DF9D17CDC}.Release|x86.ActiveCfg = Release|Any CPU
		{A448050F-8C5B-426B-8F2E-764DF9D17CDC}.Release|x86.Build.0 = Release|Any CPU
		{F7C710C3-C245-4EF6-A32F-7C53E77BB6F7}.Debug|Any CPU.ActiveCfg = Debug|Any CPU
		{F7C710C3-C245-4EF6-A32F-7C53E77BB6F7}.Debug|Any CPU.Build.0 = Debug|Any CPU
		{F7C710C3-C245-4EF6-A32F-7C53E77BB6F7}.Debug|x86.ActiveCfg = Debug|Any CPU
		{F7C710C3-C245-4EF6-A32F-7C53E77BB6F7}.Debug|x86.Build.0 = Debug|Any CPU
		{F7C710C3-C245-4EF6-A32F-7C53E77BB6F7}.Release|Any CPU.ActiveCfg = Release|Any CPU
		{F7C710C3-C245-4EF6-A32F-7C53E77BB6F7}.Release|Any CPU.Build.0 = Release|Any CPU
		{F7C710C3-C245-4EF6-A32F-7C53E77BB6F7}.Release|x86.ActiveCfg = Release|Any CPU
		{F7C710C3-C245-4EF6-A32F-7C53E77BB6F7}.Release|x86.Build.0 = Release|Any CPU
		{A4C63C9C-4C9B-4236-BE3D-B86D4BA2F6E3}.Debug|Any CPU.ActiveCfg = Debug|Any CPU
		{A4C63C9C-4C9B-4236-BE3D-B86D4BA2F6E3}.Debug|Any CPU.Build.0 = Debug|Any CPU
		{A4C63C9C-4C9B-4236-BE3D-B86D4BA2F6E3}.Debug|x86.ActiveCfg = Debug|Any CPU
		{A4C63C9C-4C9B-4236-BE3D-B86D4BA2F6E3}.Debug|x86.Build.0 = Debug|Any CPU
		{A4C63C9C-4C9B-4236-BE3D-B86D4BA2F6E3}.Release|Any CPU.ActiveCfg = Release|Any CPU
		{A4C63C9C-4C9B-4236-BE3D-B86D4BA2F6E3}.Release|Any CPU.Build.0 = Release|Any CPU
		{A4C63C9C-4C9B-4236-BE3D-B86D4BA2F6E3}.Release|x86.ActiveCfg = Release|Any CPU
		{A4C63C9C-4C9B-4236-BE3D-B86D4BA2F6E3}.Release|x86.Build.0 = Release|Any CPU
		{C55E6339-E616-40C4-81B7-EDFCCB102EB3}.Debug|Any CPU.ActiveCfg = Debug|Any CPU
		{C55E6339-E616-40C4-81B7-EDFCCB102EB3}.Debug|Any CPU.Build.0 = Debug|Any CPU
		{C55E6339-E616-40C4-81B7-EDFCCB102EB3}.Debug|x86.ActiveCfg = Debug|Any CPU
		{C55E6339-E616-40C4-81B7-EDFCCB102EB3}.Debug|x86.Build.0 = Debug|Any CPU
		{C55E6339-E616-40C4-81B7-EDFCCB102EB3}.Release|Any CPU.ActiveCfg = Release|Any CPU
		{C55E6339-E616-40C4-81B7-EDFCCB102EB3}.Release|Any CPU.Build.0 = Release|Any CPU
		{C55E6339-E616-40C4-81B7-EDFCCB102EB3}.Release|x86.ActiveCfg = Release|Any CPU
		{C55E6339-E616-40C4-81B7-EDFCCB102EB3}.Release|x86.Build.0 = Release|Any CPU
		{B67F27C5-2970-4142-8620-79DBB446BC23}.Debug|Any CPU.ActiveCfg = Debug|Any CPU
		{B67F27C5-2970-4142-8620-79DBB446BC23}.Debug|Any CPU.Build.0 = Debug|Any CPU
		{B67F27C5-2970-4142-8620-79DBB446BC23}.Debug|x86.ActiveCfg = Debug|Any CPU
		{B67F27C5-2970-4142-8620-79DBB446BC23}.Debug|x86.Build.0 = Debug|Any CPU
		{B67F27C5-2970-4142-8620-79DBB446BC23}.Release|Any CPU.ActiveCfg = Release|Any CPU
		{B67F27C5-2970-4142-8620-79DBB446BC23}.Release|Any CPU.Build.0 = Release|Any CPU
		{B67F27C5-2970-4142-8620-79DBB446BC23}.Release|x86.ActiveCfg = Release|Any CPU
		{B67F27C5-2970-4142-8620-79DBB446BC23}.Release|x86.Build.0 = Release|Any CPU
		{0BC71BEC-6C36-497D-A3CD-D496E40C9A0D}.Debug|Any CPU.ActiveCfg = Debug|Any CPU
		{0BC71BEC-6C36-497D-A3CD-D496E40C9A0D}.Debug|Any CPU.Build.0 = Debug|Any CPU
		{0BC71BEC-6C36-497D-A3CD-D496E40C9A0D}.Debug|x86.ActiveCfg = Debug|Any CPU
		{0BC71BEC-6C36-497D-A3CD-D496E40C9A0D}.Debug|x86.Build.0 = Debug|Any CPU
		{0BC71BEC-6C36-497D-A3CD-D496E40C9A0D}.Release|Any CPU.ActiveCfg = Release|Any CPU
		{0BC71BEC-6C36-497D-A3CD-D496E40C9A0D}.Release|Any CPU.Build.0 = Release|Any CPU
		{0BC71BEC-6C36-497D-A3CD-D496E40C9A0D}.Release|x86.ActiveCfg = Release|Any CPU
		{0BC71BEC-6C36-497D-A3CD-D496E40C9A0D}.Release|x86.Build.0 = Release|Any CPU
		{75399029-AB86-49BA-8676-F8709851927B}.Debug|Any CPU.ActiveCfg = Debug|Any CPU
		{75399029-AB86-49BA-8676-F8709851927B}.Debug|Any CPU.Build.0 = Debug|Any CPU
		{75399029-AB86-49BA-8676-F8709851927B}.Debug|x86.ActiveCfg = Debug|Any CPU
		{75399029-AB86-49BA-8676-F8709851927B}.Debug|x86.Build.0 = Debug|Any CPU
		{75399029-AB86-49BA-8676-F8709851927B}.Release|Any CPU.ActiveCfg = Release|Any CPU
		{75399029-AB86-49BA-8676-F8709851927B}.Release|Any CPU.Build.0 = Release|Any CPU
		{75399029-AB86-49BA-8676-F8709851927B}.Release|x86.ActiveCfg = Release|Any CPU
		{75399029-AB86-49BA-8676-F8709851927B}.Release|x86.Build.0 = Release|Any CPU
		{3B77A1B2-ECD6-4C3D-B0F8-235A64702F5F}.Debug|Any CPU.ActiveCfg = Debug|Any CPU
		{3B77A1B2-ECD6-4C3D-B0F8-235A64702F5F}.Debug|Any CPU.Build.0 = Debug|Any CPU
		{3B77A1B2-ECD6-4C3D-B0F8-235A64702F5F}.Debug|x86.ActiveCfg = Debug|Any CPU
		{3B77A1B2-ECD6-4C3D-B0F8-235A64702F5F}.Debug|x86.Build.0 = Debug|Any CPU
		{3B77A1B2-ECD6-4C3D-B0F8-235A64702F5F}.Release|Any CPU.ActiveCfg = Release|Any CPU
		{3B77A1B2-ECD6-4C3D-B0F8-235A64702F5F}.Release|Any CPU.Build.0 = Release|Any CPU
		{3B77A1B2-ECD6-4C3D-B0F8-235A64702F5F}.Release|x86.ActiveCfg = Release|Any CPU
		{3B77A1B2-ECD6-4C3D-B0F8-235A64702F5F}.Release|x86.Build.0 = Release|Any CPU
		{F45AD950-9A16-4607-A929-28D80984ADF5}.Debug|Any CPU.ActiveCfg = Debug|Any CPU
		{F45AD950-9A16-4607-A929-28D80984ADF5}.Debug|Any CPU.Build.0 = Debug|Any CPU
		{F45AD950-9A16-4607-A929-28D80984ADF5}.Debug|x86.ActiveCfg = Debug|Any CPU
		{F45AD950-9A16-4607-A929-28D80984ADF5}.Debug|x86.Build.0 = Debug|Any CPU
		{F45AD950-9A16-4607-A929-28D80984ADF5}.Release|Any CPU.ActiveCfg = Release|Any CPU
		{F45AD950-9A16-4607-A929-28D80984ADF5}.Release|Any CPU.Build.0 = Release|Any CPU
		{F45AD950-9A16-4607-A929-28D80984ADF5}.Release|x86.ActiveCfg = Release|Any CPU
		{F45AD950-9A16-4607-A929-28D80984ADF5}.Release|x86.Build.0 = Release|Any CPU
		{2A46A450-EF28-45C8-9236-7D19150CE7F9}.Debug|Any CPU.ActiveCfg = Debug|Any CPU
		{2A46A450-EF28-45C8-9236-7D19150CE7F9}.Debug|Any CPU.Build.0 = Debug|Any CPU
		{2A46A450-EF28-45C8-9236-7D19150CE7F9}.Debug|x86.ActiveCfg = Debug|Any CPU
		{2A46A450-EF28-45C8-9236-7D19150CE7F9}.Debug|x86.Build.0 = Debug|Any CPU
		{2A46A450-EF28-45C8-9236-7D19150CE7F9}.Release|Any CPU.ActiveCfg = Release|Any CPU
		{2A46A450-EF28-45C8-9236-7D19150CE7F9}.Release|Any CPU.Build.0 = Release|Any CPU
		{2A46A450-EF28-45C8-9236-7D19150CE7F9}.Release|x86.ActiveCfg = Release|Any CPU
		{2A46A450-EF28-45C8-9236-7D19150CE7F9}.Release|x86.Build.0 = Release|Any CPU
		{B256DB85-E596-4716-9C0E-8717E227AA07}.Debug|Any CPU.ActiveCfg = Debug|Any CPU
		{B256DB85-E596-4716-9C0E-8717E227AA07}.Debug|Any CPU.Build.0 = Debug|Any CPU
		{B256DB85-E596-4716-9C0E-8717E227AA07}.Debug|x86.ActiveCfg = Debug|Any CPU
		{B256DB85-E596-4716-9C0E-8717E227AA07}.Debug|x86.Build.0 = Debug|Any CPU
		{B256DB85-E596-4716-9C0E-8717E227AA07}.Release|Any CPU.ActiveCfg = Release|Any CPU
		{B256DB85-E596-4716-9C0E-8717E227AA07}.Release|Any CPU.Build.0 = Release|Any CPU
		{B256DB85-E596-4716-9C0E-8717E227AA07}.Release|x86.ActiveCfg = Release|Any CPU
		{B256DB85-E596-4716-9C0E-8717E227AA07}.Release|x86.Build.0 = Release|Any CPU
		{92C777D3-1285-4A82-9E2F-DC4902E1476B}.Debug|Any CPU.ActiveCfg = Debug|Any CPU
		{92C777D3-1285-4A82-9E2F-DC4902E1476B}.Debug|Any CPU.Build.0 = Debug|Any CPU
		{92C777D3-1285-4A82-9E2F-DC4902E1476B}.Debug|x86.ActiveCfg = Debug|Any CPU
		{92C777D3-1285-4A82-9E2F-DC4902E1476B}.Debug|x86.Build.0 = Debug|Any CPU
		{92C777D3-1285-4A82-9E2F-DC4902E1476B}.Release|Any CPU.ActiveCfg = Release|Any CPU
		{92C777D3-1285-4A82-9E2F-DC4902E1476B}.Release|Any CPU.Build.0 = Release|Any CPU
		{92C777D3-1285-4A82-9E2F-DC4902E1476B}.Release|x86.ActiveCfg = Release|Any CPU
		{92C777D3-1285-4A82-9E2F-DC4902E1476B}.Release|x86.Build.0 = Release|Any CPU
		{8AEFA177-1D02-4EA5-88A9-3B9D384B48DC}.Debug|Any CPU.ActiveCfg = Debug|Any CPU
		{8AEFA177-1D02-4EA5-88A9-3B9D384B48DC}.Debug|Any CPU.Build.0 = Debug|Any CPU
		{8AEFA177-1D02-4EA5-88A9-3B9D384B48DC}.Debug|x86.ActiveCfg = Debug|Any CPU
		{8AEFA177-1D02-4EA5-88A9-3B9D384B48DC}.Debug|x86.Build.0 = Debug|Any CPU
		{8AEFA177-1D02-4EA5-88A9-3B9D384B48DC}.Release|Any CPU.ActiveCfg = Release|Any CPU
		{8AEFA177-1D02-4EA5-88A9-3B9D384B48DC}.Release|Any CPU.Build.0 = Release|Any CPU
		{8AEFA177-1D02-4EA5-88A9-3B9D384B48DC}.Release|x86.ActiveCfg = Release|Any CPU
		{8AEFA177-1D02-4EA5-88A9-3B9D384B48DC}.Release|x86.Build.0 = Release|Any CPU
		{9621404C-9E50-4A55-A1B6-FFF8DD9DB988}.Debug|Any CPU.ActiveCfg = Debug|Any CPU
		{9621404C-9E50-4A55-A1B6-FFF8DD9DB988}.Debug|Any CPU.Build.0 = Debug|Any CPU
		{9621404C-9E50-4A55-A1B6-FFF8DD9DB988}.Debug|x86.ActiveCfg = Debug|Any CPU
		{9621404C-9E50-4A55-A1B6-FFF8DD9DB988}.Debug|x86.Build.0 = Debug|Any CPU
		{9621404C-9E50-4A55-A1B6-FFF8DD9DB988}.Release|Any CPU.ActiveCfg = Release|Any CPU
		{9621404C-9E50-4A55-A1B6-FFF8DD9DB988}.Release|Any CPU.Build.0 = Release|Any CPU
		{9621404C-9E50-4A55-A1B6-FFF8DD9DB988}.Release|x86.ActiveCfg = Release|Any CPU
		{9621404C-9E50-4A55-A1B6-FFF8DD9DB988}.Release|x86.Build.0 = Release|Any CPU
		{31F94985-F0BB-40DF-98CE-48B5F3210C4A}.Debug|Any CPU.ActiveCfg = Debug|Any CPU
		{31F94985-F0BB-40DF-98CE-48B5F3210C4A}.Debug|Any CPU.Build.0 = Debug|Any CPU
		{31F94985-F0BB-40DF-98CE-48B5F3210C4A}.Debug|x86.ActiveCfg = Debug|Any CPU
		{31F94985-F0BB-40DF-98CE-48B5F3210C4A}.Debug|x86.Build.0 = Debug|Any CPU
		{31F94985-F0BB-40DF-98CE-48B5F3210C4A}.Release|Any CPU.ActiveCfg = Release|Any CPU
		{31F94985-F0BB-40DF-98CE-48B5F3210C4A}.Release|Any CPU.Build.0 = Release|Any CPU
		{31F94985-F0BB-40DF-98CE-48B5F3210C4A}.Release|x86.ActiveCfg = Release|Any CPU
		{31F94985-F0BB-40DF-98CE-48B5F3210C4A}.Release|x86.Build.0 = Release|Any CPU
		{CA959DE9-40D9-4CEC-B290-DF4814050685}.Debug|Any CPU.ActiveCfg = Debug|Any CPU
		{CA959DE9-40D9-4CEC-B290-DF4814050685}.Debug|Any CPU.Build.0 = Debug|Any CPU
		{CA959DE9-40D9-4CEC-B290-DF4814050685}.Debug|x86.ActiveCfg = Debug|Any CPU
		{CA959DE9-40D9-4CEC-B290-DF4814050685}.Debug|x86.Build.0 = Debug|Any CPU
		{CA959DE9-40D9-4CEC-B290-DF4814050685}.Release|Any CPU.ActiveCfg = Release|Any CPU
		{CA959DE9-40D9-4CEC-B290-DF4814050685}.Release|Any CPU.Build.0 = Release|Any CPU
		{CA959DE9-40D9-4CEC-B290-DF4814050685}.Release|x86.ActiveCfg = Release|Any CPU
		{CA959DE9-40D9-4CEC-B290-DF4814050685}.Release|x86.Build.0 = Release|Any CPU
		{6BF7AFAC-FC76-4A4C-BA01-904EF63D4AA8}.Debug|Any CPU.ActiveCfg = Debug|Any CPU
		{6BF7AFAC-FC76-4A4C-BA01-904EF63D4AA8}.Debug|Any CPU.Build.0 = Debug|Any CPU
		{6BF7AFAC-FC76-4A4C-BA01-904EF63D4AA8}.Debug|x86.ActiveCfg = Debug|Any CPU
		{6BF7AFAC-FC76-4A4C-BA01-904EF63D4AA8}.Debug|x86.Build.0 = Debug|Any CPU
		{6BF7AFAC-FC76-4A4C-BA01-904EF63D4AA8}.Release|Any CPU.ActiveCfg = Release|Any CPU
		{6BF7AFAC-FC76-4A4C-BA01-904EF63D4AA8}.Release|Any CPU.Build.0 = Release|Any CPU
		{6BF7AFAC-FC76-4A4C-BA01-904EF63D4AA8}.Release|x86.ActiveCfg = Release|Any CPU
		{6BF7AFAC-FC76-4A4C-BA01-904EF63D4AA8}.Release|x86.Build.0 = Release|Any CPU
		{024CD503-EF63-4C12-B131-0087D8BE8E82}.Debug|Any CPU.ActiveCfg = Debug|Any CPU
		{024CD503-EF63-4C12-B131-0087D8BE8E82}.Debug|Any CPU.Build.0 = Debug|Any CPU
		{024CD503-EF63-4C12-B131-0087D8BE8E82}.Debug|x86.ActiveCfg = Debug|Any CPU
		{024CD503-EF63-4C12-B131-0087D8BE8E82}.Debug|x86.Build.0 = Debug|Any CPU
		{024CD503-EF63-4C12-B131-0087D8BE8E82}.Release|Any CPU.ActiveCfg = Release|Any CPU
		{024CD503-EF63-4C12-B131-0087D8BE8E82}.Release|Any CPU.Build.0 = Release|Any CPU
		{024CD503-EF63-4C12-B131-0087D8BE8E82}.Release|x86.ActiveCfg = Release|Any CPU
		{024CD503-EF63-4C12-B131-0087D8BE8E82}.Release|x86.Build.0 = Release|Any CPU
		{000C1B14-F126-4D22-8670-66FD3159991D}.Debug|Any CPU.ActiveCfg = Debug|Any CPU
		{000C1B14-F126-4D22-8670-66FD3159991D}.Debug|Any CPU.Build.0 = Debug|Any CPU
		{000C1B14-F126-4D22-8670-66FD3159991D}.Debug|x86.ActiveCfg = Debug|Any CPU
		{000C1B14-F126-4D22-8670-66FD3159991D}.Debug|x86.Build.0 = Debug|Any CPU
		{000C1B14-F126-4D22-8670-66FD3159991D}.Release|Any CPU.ActiveCfg = Release|Any CPU
		{000C1B14-F126-4D22-8670-66FD3159991D}.Release|Any CPU.Build.0 = Release|Any CPU
		{000C1B14-F126-4D22-8670-66FD3159991D}.Release|x86.ActiveCfg = Release|Any CPU
		{000C1B14-F126-4D22-8670-66FD3159991D}.Release|x86.Build.0 = Release|Any CPU
		{BF266098-0C8C-41A8-806A-C982E9673064}.Debug|Any CPU.ActiveCfg = Debug|Any CPU
		{BF266098-0C8C-41A8-806A-C982E9673064}.Debug|Any CPU.Build.0 = Debug|Any CPU
		{BF266098-0C8C-41A8-806A-C982E9673064}.Debug|x86.ActiveCfg = Debug|Any CPU
		{BF266098-0C8C-41A8-806A-C982E9673064}.Debug|x86.Build.0 = Debug|Any CPU
		{BF266098-0C8C-41A8-806A-C982E9673064}.Release|Any CPU.ActiveCfg = Release|Any CPU
		{BF266098-0C8C-41A8-806A-C982E9673064}.Release|Any CPU.Build.0 = Release|Any CPU
		{BF266098-0C8C-41A8-806A-C982E9673064}.Release|x86.ActiveCfg = Release|Any CPU
		{BF266098-0C8C-41A8-806A-C982E9673064}.Release|x86.Build.0 = Release|Any CPU
		{F7632454-81C4-4ECD-9120-E690F1D3CFEF}.Debug|Any CPU.ActiveCfg = Debug|Any CPU
		{F7632454-81C4-4ECD-9120-E690F1D3CFEF}.Debug|Any CPU.Build.0 = Debug|Any CPU
		{F7632454-81C4-4ECD-9120-E690F1D3CFEF}.Debug|x86.ActiveCfg = Debug|Any CPU
		{F7632454-81C4-4ECD-9120-E690F1D3CFEF}.Debug|x86.Build.0 = Debug|Any CPU
		{F7632454-81C4-4ECD-9120-E690F1D3CFEF}.Release|Any CPU.ActiveCfg = Release|Any CPU
		{F7632454-81C4-4ECD-9120-E690F1D3CFEF}.Release|Any CPU.Build.0 = Release|Any CPU
		{F7632454-81C4-4ECD-9120-E690F1D3CFEF}.Release|x86.ActiveCfg = Release|Any CPU
		{F7632454-81C4-4ECD-9120-E690F1D3CFEF}.Release|x86.Build.0 = Release|Any CPU
		{5622C0DD-D121-410B-A33E-5540470CC931}.Debug|Any CPU.ActiveCfg = Debug|Any CPU
		{5622C0DD-D121-410B-A33E-5540470CC931}.Debug|Any CPU.Build.0 = Debug|Any CPU
		{5622C0DD-D121-410B-A33E-5540470CC931}.Debug|x86.ActiveCfg = Debug|Any CPU
		{5622C0DD-D121-410B-A33E-5540470CC931}.Debug|x86.Build.0 = Debug|Any CPU
		{5622C0DD-D121-410B-A33E-5540470CC931}.Release|Any CPU.ActiveCfg = Release|Any CPU
		{5622C0DD-D121-410B-A33E-5540470CC931}.Release|Any CPU.Build.0 = Release|Any CPU
		{5622C0DD-D121-410B-A33E-5540470CC931}.Release|x86.ActiveCfg = Release|Any CPU
		{5622C0DD-D121-410B-A33E-5540470CC931}.Release|x86.Build.0 = Release|Any CPU
		{628ED669-CBA7-4FD5-842B-0AD63C8AB643}.Debug|Any CPU.ActiveCfg = Debug|Any CPU
		{628ED669-CBA7-4FD5-842B-0AD63C8AB643}.Debug|Any CPU.Build.0 = Debug|Any CPU
		{628ED669-CBA7-4FD5-842B-0AD63C8AB643}.Debug|x86.ActiveCfg = Debug|Any CPU
		{628ED669-CBA7-4FD5-842B-0AD63C8AB643}.Debug|x86.Build.0 = Debug|Any CPU
		{628ED669-CBA7-4FD5-842B-0AD63C8AB643}.Release|Any CPU.ActiveCfg = Release|Any CPU
		{628ED669-CBA7-4FD5-842B-0AD63C8AB643}.Release|Any CPU.Build.0 = Release|Any CPU
		{628ED669-CBA7-4FD5-842B-0AD63C8AB643}.Release|x86.ActiveCfg = Release|Any CPU
		{628ED669-CBA7-4FD5-842B-0AD63C8AB643}.Release|x86.Build.0 = Release|Any CPU
		{05CDA02E-FD15-4BEF-A8AC-288179A2F515}.Debug|Any CPU.ActiveCfg = Debug|Any CPU
		{05CDA02E-FD15-4BEF-A8AC-288179A2F515}.Debug|Any CPU.Build.0 = Debug|Any CPU
		{05CDA02E-FD15-4BEF-A8AC-288179A2F515}.Debug|x86.ActiveCfg = Debug|Any CPU
		{05CDA02E-FD15-4BEF-A8AC-288179A2F515}.Debug|x86.Build.0 = Debug|Any CPU
		{05CDA02E-FD15-4BEF-A8AC-288179A2F515}.Release|Any CPU.ActiveCfg = Release|Any CPU
		{05CDA02E-FD15-4BEF-A8AC-288179A2F515}.Release|Any CPU.Build.0 = Release|Any CPU
		{05CDA02E-FD15-4BEF-A8AC-288179A2F515}.Release|x86.ActiveCfg = Release|Any CPU
		{05CDA02E-FD15-4BEF-A8AC-288179A2F515}.Release|x86.Build.0 = Release|Any CPU
		{25F2D17A-CC1A-45A6-8BD9-EB2B7C2FA918}.Debug|Any CPU.ActiveCfg = Debug|Any CPU
		{25F2D17A-CC1A-45A6-8BD9-EB2B7C2FA918}.Debug|Any CPU.Build.0 = Debug|Any CPU
		{25F2D17A-CC1A-45A6-8BD9-EB2B7C2FA918}.Debug|x86.ActiveCfg = Debug|Any CPU
		{25F2D17A-CC1A-45A6-8BD9-EB2B7C2FA918}.Debug|x86.Build.0 = Debug|Any CPU
		{25F2D17A-CC1A-45A6-8BD9-EB2B7C2FA918}.Release|Any CPU.ActiveCfg = Release|Any CPU
		{25F2D17A-CC1A-45A6-8BD9-EB2B7C2FA918}.Release|Any CPU.Build.0 = Release|Any CPU
		{25F2D17A-CC1A-45A6-8BD9-EB2B7C2FA918}.Release|x86.ActiveCfg = Release|Any CPU
		{25F2D17A-CC1A-45A6-8BD9-EB2B7C2FA918}.Release|x86.Build.0 = Release|Any CPU
		{E3747282-377C-4B29-BA37-0C318C5F5A0C}.Debug|Any CPU.ActiveCfg = Debug|Any CPU
		{E3747282-377C-4B29-BA37-0C318C5F5A0C}.Debug|Any CPU.Build.0 = Debug|Any CPU
		{E3747282-377C-4B29-BA37-0C318C5F5A0C}.Debug|x86.ActiveCfg = Debug|Any CPU
		{E3747282-377C-4B29-BA37-0C318C5F5A0C}.Debug|x86.Build.0 = Debug|Any CPU
		{E3747282-377C-4B29-BA37-0C318C5F5A0C}.Release|Any CPU.ActiveCfg = Release|Any CPU
		{E3747282-377C-4B29-BA37-0C318C5F5A0C}.Release|Any CPU.Build.0 = Release|Any CPU
		{E3747282-377C-4B29-BA37-0C318C5F5A0C}.Release|x86.ActiveCfg = Release|Any CPU
		{E3747282-377C-4B29-BA37-0C318C5F5A0C}.Release|x86.Build.0 = Release|Any CPU
		{CBBC4014-7DCA-46F6-B38C-ACC5B472563C}.Debug|Any CPU.ActiveCfg = Debug|Any CPU
		{CBBC4014-7DCA-46F6-B38C-ACC5B472563C}.Debug|Any CPU.Build.0 = Debug|Any CPU
		{CBBC4014-7DCA-46F6-B38C-ACC5B472563C}.Debug|x86.ActiveCfg = Debug|Any CPU
		{CBBC4014-7DCA-46F6-B38C-ACC5B472563C}.Debug|x86.Build.0 = Debug|Any CPU
		{CBBC4014-7DCA-46F6-B38C-ACC5B472563C}.Release|Any CPU.ActiveCfg = Release|Any CPU
		{CBBC4014-7DCA-46F6-B38C-ACC5B472563C}.Release|Any CPU.Build.0 = Release|Any CPU
		{CBBC4014-7DCA-46F6-B38C-ACC5B472563C}.Release|x86.ActiveCfg = Release|Any CPU
		{CBBC4014-7DCA-46F6-B38C-ACC5B472563C}.Release|x86.Build.0 = Release|Any CPU
		{92E80C21-81E6-4991-80F2-8D5F42B2177C}.Debug|Any CPU.ActiveCfg = Debug|Any CPU
		{92E80C21-81E6-4991-80F2-8D5F42B2177C}.Debug|Any CPU.Build.0 = Debug|Any CPU
		{92E80C21-81E6-4991-80F2-8D5F42B2177C}.Debug|x86.ActiveCfg = Debug|Any CPU
		{92E80C21-81E6-4991-80F2-8D5F42B2177C}.Debug|x86.Build.0 = Debug|Any CPU
		{92E80C21-81E6-4991-80F2-8D5F42B2177C}.Release|Any CPU.ActiveCfg = Release|Any CPU
		{92E80C21-81E6-4991-80F2-8D5F42B2177C}.Release|Any CPU.Build.0 = Release|Any CPU
		{92E80C21-81E6-4991-80F2-8D5F42B2177C}.Release|x86.ActiveCfg = Release|Any CPU
		{92E80C21-81E6-4991-80F2-8D5F42B2177C}.Release|x86.Build.0 = Release|Any CPU
		{3C2BB217-EB3F-49E1-A3ED-06F707FEEE3E}.Debug|Any CPU.ActiveCfg = Debug|Any CPU
		{3C2BB217-EB3F-49E1-A3ED-06F707FEEE3E}.Debug|Any CPU.Build.0 = Debug|Any CPU
		{3C2BB217-EB3F-49E1-A3ED-06F707FEEE3E}.Debug|x86.ActiveCfg = Debug|Any CPU
		{3C2BB217-EB3F-49E1-A3ED-06F707FEEE3E}.Debug|x86.Build.0 = Debug|Any CPU
		{3C2BB217-EB3F-49E1-A3ED-06F707FEEE3E}.Release|Any CPU.ActiveCfg = Release|Any CPU
		{3C2BB217-EB3F-49E1-A3ED-06F707FEEE3E}.Release|Any CPU.Build.0 = Release|Any CPU
		{3C2BB217-EB3F-49E1-A3ED-06F707FEEE3E}.Release|x86.ActiveCfg = Release|Any CPU
		{3C2BB217-EB3F-49E1-A3ED-06F707FEEE3E}.Release|x86.Build.0 = Release|Any CPU
		{A5765574-9C9A-4813-97E4-E8422C10A812}.Debug|Any CPU.ActiveCfg = Debug|Any CPU
		{A5765574-9C9A-4813-97E4-E8422C10A812}.Debug|Any CPU.Build.0 = Debug|Any CPU
		{A5765574-9C9A-4813-97E4-E8422C10A812}.Debug|x86.ActiveCfg = Debug|Any CPU
		{A5765574-9C9A-4813-97E4-E8422C10A812}.Debug|x86.Build.0 = Debug|Any CPU
		{A5765574-9C9A-4813-97E4-E8422C10A812}.Release|Any CPU.ActiveCfg = Release|Any CPU
		{A5765574-9C9A-4813-97E4-E8422C10A812}.Release|Any CPU.Build.0 = Release|Any CPU
		{A5765574-9C9A-4813-97E4-E8422C10A812}.Release|x86.ActiveCfg = Release|Any CPU
		{A5765574-9C9A-4813-97E4-E8422C10A812}.Release|x86.Build.0 = Release|Any CPU
		{BDC9591A-BAE7-4FA0-A6CA-06045530E4AF}.Debug|Any CPU.ActiveCfg = Debug|Any CPU
		{BDC9591A-BAE7-4FA0-A6CA-06045530E4AF}.Debug|Any CPU.Build.0 = Debug|Any CPU
		{BDC9591A-BAE7-4FA0-A6CA-06045530E4AF}.Debug|x86.ActiveCfg = Debug|Any CPU
		{BDC9591A-BAE7-4FA0-A6CA-06045530E4AF}.Debug|x86.Build.0 = Debug|Any CPU
		{BDC9591A-BAE7-4FA0-A6CA-06045530E4AF}.Release|Any CPU.ActiveCfg = Release|Any CPU
		{BDC9591A-BAE7-4FA0-A6CA-06045530E4AF}.Release|Any CPU.Build.0 = Release|Any CPU
		{BDC9591A-BAE7-4FA0-A6CA-06045530E4AF}.Release|x86.ActiveCfg = Release|Any CPU
		{BDC9591A-BAE7-4FA0-A6CA-06045530E4AF}.Release|x86.Build.0 = Release|Any CPU
		{E2725148-346A-49E7-8056-2E67B9F7ABB0}.Debug|Any CPU.ActiveCfg = Debug|Any CPU
		{E2725148-346A-49E7-8056-2E67B9F7ABB0}.Debug|Any CPU.Build.0 = Debug|Any CPU
		{E2725148-346A-49E7-8056-2E67B9F7ABB0}.Debug|x86.ActiveCfg = Debug|Any CPU
		{E2725148-346A-49E7-8056-2E67B9F7ABB0}.Debug|x86.Build.0 = Debug|Any CPU
		{E2725148-346A-49E7-8056-2E67B9F7ABB0}.Release|Any CPU.ActiveCfg = Release|Any CPU
		{E2725148-346A-49E7-8056-2E67B9F7ABB0}.Release|Any CPU.Build.0 = Release|Any CPU
		{E2725148-346A-49E7-8056-2E67B9F7ABB0}.Release|x86.ActiveCfg = Release|Any CPU
		{E2725148-346A-49E7-8056-2E67B9F7ABB0}.Release|x86.Build.0 = Release|Any CPU
		{03E5FB15-AD95-4BBB-A1A0-A06ED8469532}.Debug|Any CPU.ActiveCfg = Debug|Any CPU
		{03E5FB15-AD95-4BBB-A1A0-A06ED8469532}.Debug|Any CPU.Build.0 = Debug|Any CPU
		{03E5FB15-AD95-4BBB-A1A0-A06ED8469532}.Debug|x86.ActiveCfg = Debug|Any CPU
		{03E5FB15-AD95-4BBB-A1A0-A06ED8469532}.Debug|x86.Build.0 = Debug|Any CPU
		{03E5FB15-AD95-4BBB-A1A0-A06ED8469532}.Release|Any CPU.ActiveCfg = Release|Any CPU
		{03E5FB15-AD95-4BBB-A1A0-A06ED8469532}.Release|Any CPU.Build.0 = Release|Any CPU
		{03E5FB15-AD95-4BBB-A1A0-A06ED8469532}.Release|x86.ActiveCfg = Release|Any CPU
		{03E5FB15-AD95-4BBB-A1A0-A06ED8469532}.Release|x86.Build.0 = Release|Any CPU
		{44D36C70-C2E8-42D4-A421-8CB0AFE0D536}.Debug|Any CPU.ActiveCfg = Debug|Any CPU
		{44D36C70-C2E8-42D4-A421-8CB0AFE0D536}.Debug|Any CPU.Build.0 = Debug|Any CPU
		{44D36C70-C2E8-42D4-A421-8CB0AFE0D536}.Debug|x86.ActiveCfg = Debug|Any CPU
		{44D36C70-C2E8-42D4-A421-8CB0AFE0D536}.Debug|x86.Build.0 = Debug|Any CPU
		{44D36C70-C2E8-42D4-A421-8CB0AFE0D536}.Release|Any CPU.ActiveCfg = Release|Any CPU
		{44D36C70-C2E8-42D4-A421-8CB0AFE0D536}.Release|Any CPU.Build.0 = Release|Any CPU
		{44D36C70-C2E8-42D4-A421-8CB0AFE0D536}.Release|x86.ActiveCfg = Release|Any CPU
		{44D36C70-C2E8-42D4-A421-8CB0AFE0D536}.Release|x86.Build.0 = Release|Any CPU
		{9BD43E86-AD1B-4E8A-A78B-1012564C38C0}.Debug|Any CPU.ActiveCfg = Debug|Any CPU
		{9BD43E86-AD1B-4E8A-A78B-1012564C38C0}.Debug|Any CPU.Build.0 = Debug|Any CPU
		{9BD43E86-AD1B-4E8A-A78B-1012564C38C0}.Debug|x86.ActiveCfg = Debug|Any CPU
		{9BD43E86-AD1B-4E8A-A78B-1012564C38C0}.Debug|x86.Build.0 = Debug|Any CPU
		{9BD43E86-AD1B-4E8A-A78B-1012564C38C0}.Release|Any CPU.ActiveCfg = Release|Any CPU
		{9BD43E86-AD1B-4E8A-A78B-1012564C38C0}.Release|Any CPU.Build.0 = Release|Any CPU
		{9BD43E86-AD1B-4E8A-A78B-1012564C38C0}.Release|x86.ActiveCfg = Release|Any CPU
		{9BD43E86-AD1B-4E8A-A78B-1012564C38C0}.Release|x86.Build.0 = Release|Any CPU
		{0C7B6A2F-D8DC-48F7-A286-E5CEF45BFDA6}.Debug|Any CPU.ActiveCfg = Debug|Any CPU
		{0C7B6A2F-D8DC-48F7-A286-E5CEF45BFDA6}.Debug|Any CPU.Build.0 = Debug|Any CPU
		{0C7B6A2F-D8DC-48F7-A286-E5CEF45BFDA6}.Debug|x86.ActiveCfg = Debug|Any CPU
		{0C7B6A2F-D8DC-48F7-A286-E5CEF45BFDA6}.Debug|x86.Build.0 = Debug|Any CPU
		{0C7B6A2F-D8DC-48F7-A286-E5CEF45BFDA6}.Release|Any CPU.ActiveCfg = Release|Any CPU
		{0C7B6A2F-D8DC-48F7-A286-E5CEF45BFDA6}.Release|Any CPU.Build.0 = Release|Any CPU
		{0C7B6A2F-D8DC-48F7-A286-E5CEF45BFDA6}.Release|x86.ActiveCfg = Release|Any CPU
		{0C7B6A2F-D8DC-48F7-A286-E5CEF45BFDA6}.Release|x86.Build.0 = Release|Any CPU
		{880B6091-54E2-4C38-8CF7-DC4DAA414E3F}.Debug|Any CPU.ActiveCfg = Debug|Any CPU
		{880B6091-54E2-4C38-8CF7-DC4DAA414E3F}.Debug|Any CPU.Build.0 = Debug|Any CPU
		{880B6091-54E2-4C38-8CF7-DC4DAA414E3F}.Debug|x86.ActiveCfg = Debug|Any CPU
		{880B6091-54E2-4C38-8CF7-DC4DAA414E3F}.Debug|x86.Build.0 = Debug|Any CPU
		{880B6091-54E2-4C38-8CF7-DC4DAA414E3F}.Release|Any CPU.ActiveCfg = Release|Any CPU
		{880B6091-54E2-4C38-8CF7-DC4DAA414E3F}.Release|Any CPU.Build.0 = Release|Any CPU
		{880B6091-54E2-4C38-8CF7-DC4DAA414E3F}.Release|x86.ActiveCfg = Release|Any CPU
		{880B6091-54E2-4C38-8CF7-DC4DAA414E3F}.Release|x86.Build.0 = Release|Any CPU
		{5C2F1521-1400-4D7D-B6DF-BC9B158388FB}.Debug|Any CPU.ActiveCfg = Debug|Any CPU
		{5C2F1521-1400-4D7D-B6DF-BC9B158388FB}.Debug|Any CPU.Build.0 = Debug|Any CPU
		{5C2F1521-1400-4D7D-B6DF-BC9B158388FB}.Debug|x86.ActiveCfg = Debug|Any CPU
		{5C2F1521-1400-4D7D-B6DF-BC9B158388FB}.Debug|x86.Build.0 = Debug|Any CPU
		{5C2F1521-1400-4D7D-B6DF-BC9B158388FB}.Release|Any CPU.ActiveCfg = Release|Any CPU
		{5C2F1521-1400-4D7D-B6DF-BC9B158388FB}.Release|Any CPU.Build.0 = Release|Any CPU
		{5C2F1521-1400-4D7D-B6DF-BC9B158388FB}.Release|x86.ActiveCfg = Release|Any CPU
		{5C2F1521-1400-4D7D-B6DF-BC9B158388FB}.Release|x86.Build.0 = Release|Any CPU
		{3745FD16-746A-487F-A2F9-DD2799B78082}.Debug|Any CPU.ActiveCfg = Debug|Any CPU
		{3745FD16-746A-487F-A2F9-DD2799B78082}.Debug|Any CPU.Build.0 = Debug|Any CPU
		{3745FD16-746A-487F-A2F9-DD2799B78082}.Debug|x86.ActiveCfg = Debug|Any CPU
		{3745FD16-746A-487F-A2F9-DD2799B78082}.Debug|x86.Build.0 = Debug|Any CPU
		{3745FD16-746A-487F-A2F9-DD2799B78082}.Release|Any CPU.ActiveCfg = Release|Any CPU
		{3745FD16-746A-487F-A2F9-DD2799B78082}.Release|Any CPU.Build.0 = Release|Any CPU
		{3745FD16-746A-487F-A2F9-DD2799B78082}.Release|x86.ActiveCfg = Release|Any CPU
		{3745FD16-746A-487F-A2F9-DD2799B78082}.Release|x86.Build.0 = Release|Any CPU
		{B7947D47-FC3C-4967-B96F-9E5BC78ADBDA}.Debug|Any CPU.ActiveCfg = Debug|Any CPU
		{B7947D47-FC3C-4967-B96F-9E5BC78ADBDA}.Debug|Any CPU.Build.0 = Debug|Any CPU
		{B7947D47-FC3C-4967-B96F-9E5BC78ADBDA}.Debug|x86.ActiveCfg = Debug|Any CPU
		{B7947D47-FC3C-4967-B96F-9E5BC78ADBDA}.Debug|x86.Build.0 = Debug|Any CPU
		{B7947D47-FC3C-4967-B96F-9E5BC78ADBDA}.Release|Any CPU.ActiveCfg = Release|Any CPU
		{B7947D47-FC3C-4967-B96F-9E5BC78ADBDA}.Release|Any CPU.Build.0 = Release|Any CPU
		{B7947D47-FC3C-4967-B96F-9E5BC78ADBDA}.Release|x86.ActiveCfg = Release|Any CPU
		{B7947D47-FC3C-4967-B96F-9E5BC78ADBDA}.Release|x86.Build.0 = Release|Any CPU
		{5BC8F96B-3D11-4CFF-9B54-3598CC583F3B}.Debug|Any CPU.ActiveCfg = Debug|Any CPU
		{5BC8F96B-3D11-4CFF-9B54-3598CC583F3B}.Debug|Any CPU.Build.0 = Debug|Any CPU
		{5BC8F96B-3D11-4CFF-9B54-3598CC583F3B}.Debug|x86.ActiveCfg = Debug|Any CPU
		{5BC8F96B-3D11-4CFF-9B54-3598CC583F3B}.Debug|x86.Build.0 = Debug|Any CPU
		{5BC8F96B-3D11-4CFF-9B54-3598CC583F3B}.Release|Any CPU.ActiveCfg = Release|Any CPU
		{5BC8F96B-3D11-4CFF-9B54-3598CC583F3B}.Release|Any CPU.Build.0 = Release|Any CPU
		{5BC8F96B-3D11-4CFF-9B54-3598CC583F3B}.Release|x86.ActiveCfg = Release|Any CPU
		{5BC8F96B-3D11-4CFF-9B54-3598CC583F3B}.Release|x86.Build.0 = Release|Any CPU
		{E115C7CF-2D0D-4DCB-8BC1-39B29221821A}.Debug|Any CPU.ActiveCfg = Debug|Any CPU
		{E115C7CF-2D0D-4DCB-8BC1-39B29221821A}.Debug|Any CPU.Build.0 = Debug|Any CPU
		{E115C7CF-2D0D-4DCB-8BC1-39B29221821A}.Debug|x86.ActiveCfg = Debug|Any CPU
		{E115C7CF-2D0D-4DCB-8BC1-39B29221821A}.Debug|x86.Build.0 = Debug|Any CPU
		{E115C7CF-2D0D-4DCB-8BC1-39B29221821A}.Release|Any CPU.ActiveCfg = Release|Any CPU
		{E115C7CF-2D0D-4DCB-8BC1-39B29221821A}.Release|Any CPU.Build.0 = Release|Any CPU
		{E115C7CF-2D0D-4DCB-8BC1-39B29221821A}.Release|x86.ActiveCfg = Release|Any CPU
		{E115C7CF-2D0D-4DCB-8BC1-39B29221821A}.Release|x86.Build.0 = Release|Any CPU
		{C66B7ECC-CF40-46B7-B62F-FA5A00256FC3}.Debug|Any CPU.ActiveCfg = Debug|Any CPU
		{C66B7ECC-CF40-46B7-B62F-FA5A00256FC3}.Debug|Any CPU.Build.0 = Debug|Any CPU
		{C66B7ECC-CF40-46B7-B62F-FA5A00256FC3}.Debug|x86.ActiveCfg = Debug|Any CPU
		{C66B7ECC-CF40-46B7-B62F-FA5A00256FC3}.Debug|x86.Build.0 = Debug|Any CPU
		{C66B7ECC-CF40-46B7-B62F-FA5A00256FC3}.Release|Any CPU.ActiveCfg = Release|Any CPU
		{C66B7ECC-CF40-46B7-B62F-FA5A00256FC3}.Release|Any CPU.Build.0 = Release|Any CPU
		{C66B7ECC-CF40-46B7-B62F-FA5A00256FC3}.Release|x86.ActiveCfg = Release|Any CPU
		{C66B7ECC-CF40-46B7-B62F-FA5A00256FC3}.Release|x86.Build.0 = Release|Any CPU
		{769A8732-68A8-4B37-8DB7-363EBF267357}.Debug|Any CPU.ActiveCfg = Debug|Any CPU
		{769A8732-68A8-4B37-8DB7-363EBF267357}.Debug|Any CPU.Build.0 = Debug|Any CPU
		{769A8732-68A8-4B37-8DB7-363EBF267357}.Debug|x86.ActiveCfg = Debug|Any CPU
		{769A8732-68A8-4B37-8DB7-363EBF267357}.Debug|x86.Build.0 = Debug|Any CPU
		{769A8732-68A8-4B37-8DB7-363EBF267357}.Release|Any CPU.ActiveCfg = Release|Any CPU
		{769A8732-68A8-4B37-8DB7-363EBF267357}.Release|Any CPU.Build.0 = Release|Any CPU
		{769A8732-68A8-4B37-8DB7-363EBF267357}.Release|x86.ActiveCfg = Release|Any CPU
		{769A8732-68A8-4B37-8DB7-363EBF267357}.Release|x86.Build.0 = Release|Any CPU
		{4B77C363-30C8-4722-BE6D-122EC5E8D953}.Debug|Any CPU.ActiveCfg = Debug|Any CPU
		{4B77C363-30C8-4722-BE6D-122EC5E8D953}.Debug|Any CPU.Build.0 = Debug|Any CPU
		{4B77C363-30C8-4722-BE6D-122EC5E8D953}.Debug|x86.ActiveCfg = Debug|Any CPU
		{4B77C363-30C8-4722-BE6D-122EC5E8D953}.Debug|x86.Build.0 = Debug|Any CPU
		{4B77C363-30C8-4722-BE6D-122EC5E8D953}.Release|Any CPU.ActiveCfg = Release|Any CPU
		{4B77C363-30C8-4722-BE6D-122EC5E8D953}.Release|Any CPU.Build.0 = Release|Any CPU
		{4B77C363-30C8-4722-BE6D-122EC5E8D953}.Release|x86.ActiveCfg = Release|Any CPU
		{4B77C363-30C8-4722-BE6D-122EC5E8D953}.Release|x86.Build.0 = Release|Any CPU
		{27DC8022-FA08-4672-A69E-AAEDA40B55FB}.Debug|Any CPU.ActiveCfg = Debug|Any CPU
		{27DC8022-FA08-4672-A69E-AAEDA40B55FB}.Debug|Any CPU.Build.0 = Debug|Any CPU
		{27DC8022-FA08-4672-A69E-AAEDA40B55FB}.Debug|x86.ActiveCfg = Debug|Any CPU
		{27DC8022-FA08-4672-A69E-AAEDA40B55FB}.Debug|x86.Build.0 = Debug|Any CPU
		{27DC8022-FA08-4672-A69E-AAEDA40B55FB}.Release|Any CPU.ActiveCfg = Release|Any CPU
		{27DC8022-FA08-4672-A69E-AAEDA40B55FB}.Release|Any CPU.Build.0 = Release|Any CPU
		{27DC8022-FA08-4672-A69E-AAEDA40B55FB}.Release|x86.ActiveCfg = Release|Any CPU
		{27DC8022-FA08-4672-A69E-AAEDA40B55FB}.Release|x86.Build.0 = Release|Any CPU
		{EAC231BB-F230-4900-98F0-FE3C3D07BF6A}.Debug|Any CPU.ActiveCfg = Debug|Any CPU
		{EAC231BB-F230-4900-98F0-FE3C3D07BF6A}.Debug|Any CPU.Build.0 = Debug|Any CPU
		{EAC231BB-F230-4900-98F0-FE3C3D07BF6A}.Debug|x86.ActiveCfg = Debug|Any CPU
		{EAC231BB-F230-4900-98F0-FE3C3D07BF6A}.Debug|x86.Build.0 = Debug|Any CPU
		{EAC231BB-F230-4900-98F0-FE3C3D07BF6A}.Release|Any CPU.ActiveCfg = Release|Any CPU
		{EAC231BB-F230-4900-98F0-FE3C3D07BF6A}.Release|Any CPU.Build.0 = Release|Any CPU
		{EAC231BB-F230-4900-98F0-FE3C3D07BF6A}.Release|x86.ActiveCfg = Release|Any CPU
		{EAC231BB-F230-4900-98F0-FE3C3D07BF6A}.Release|x86.Build.0 = Release|Any CPU
		{A7473612-7E20-4891-9684-4C8D91CDAB01}.Debug|Any CPU.ActiveCfg = Debug|Any CPU
		{A7473612-7E20-4891-9684-4C8D91CDAB01}.Debug|Any CPU.Build.0 = Debug|Any CPU
		{A7473612-7E20-4891-9684-4C8D91CDAB01}.Debug|x86.ActiveCfg = Debug|Any CPU
		{A7473612-7E20-4891-9684-4C8D91CDAB01}.Debug|x86.Build.0 = Debug|Any CPU
		{A7473612-7E20-4891-9684-4C8D91CDAB01}.Release|Any CPU.ActiveCfg = Release|Any CPU
		{A7473612-7E20-4891-9684-4C8D91CDAB01}.Release|Any CPU.Build.0 = Release|Any CPU
		{A7473612-7E20-4891-9684-4C8D91CDAB01}.Release|x86.ActiveCfg = Release|Any CPU
		{A7473612-7E20-4891-9684-4C8D91CDAB01}.Release|x86.Build.0 = Release|Any CPU
		{95A941F8-5552-41AC-B586-9D8388C09C03}.Debug|Any CPU.ActiveCfg = Debug|Any CPU
		{95A941F8-5552-41AC-B586-9D8388C09C03}.Debug|Any CPU.Build.0 = Debug|Any CPU
		{95A941F8-5552-41AC-B586-9D8388C09C03}.Debug|x86.ActiveCfg = Debug|Any CPU
		{95A941F8-5552-41AC-B586-9D8388C09C03}.Debug|x86.Build.0 = Debug|Any CPU
		{95A941F8-5552-41AC-B586-9D8388C09C03}.Release|Any CPU.ActiveCfg = Release|Any CPU
		{95A941F8-5552-41AC-B586-9D8388C09C03}.Release|Any CPU.Build.0 = Release|Any CPU
		{95A941F8-5552-41AC-B586-9D8388C09C03}.Release|x86.ActiveCfg = Release|Any CPU
		{95A941F8-5552-41AC-B586-9D8388C09C03}.Release|x86.Build.0 = Release|Any CPU
		{306BEA08-BFC1-4EAD-BA6E-DFDF1AEF3E67}.Debug|Any CPU.ActiveCfg = Debug|Any CPU
		{306BEA08-BFC1-4EAD-BA6E-DFDF1AEF3E67}.Debug|Any CPU.Build.0 = Debug|Any CPU
		{306BEA08-BFC1-4EAD-BA6E-DFDF1AEF3E67}.Debug|x86.ActiveCfg = Debug|Any CPU
		{306BEA08-BFC1-4EAD-BA6E-DFDF1AEF3E67}.Debug|x86.Build.0 = Debug|Any CPU
		{306BEA08-BFC1-4EAD-BA6E-DFDF1AEF3E67}.Release|Any CPU.ActiveCfg = Release|Any CPU
		{306BEA08-BFC1-4EAD-BA6E-DFDF1AEF3E67}.Release|Any CPU.Build.0 = Release|Any CPU
		{306BEA08-BFC1-4EAD-BA6E-DFDF1AEF3E67}.Release|x86.ActiveCfg = Release|Any CPU
		{306BEA08-BFC1-4EAD-BA6E-DFDF1AEF3E67}.Release|x86.Build.0 = Release|Any CPU
		{9449DD77-D5CB-491B-9F02-858B384BD529}.Debug|Any CPU.ActiveCfg = Debug|Any CPU
		{9449DD77-D5CB-491B-9F02-858B384BD529}.Debug|Any CPU.Build.0 = Debug|Any CPU
		{9449DD77-D5CB-491B-9F02-858B384BD529}.Debug|x86.ActiveCfg = Debug|Any CPU
		{9449DD77-D5CB-491B-9F02-858B384BD529}.Debug|x86.Build.0 = Debug|Any CPU
		{9449DD77-D5CB-491B-9F02-858B384BD529}.Release|Any CPU.ActiveCfg = Release|Any CPU
		{9449DD77-D5CB-491B-9F02-858B384BD529}.Release|Any CPU.Build.0 = Release|Any CPU
		{9449DD77-D5CB-491B-9F02-858B384BD529}.Release|x86.ActiveCfg = Release|Any CPU
		{9449DD77-D5CB-491B-9F02-858B384BD529}.Release|x86.Build.0 = Release|Any CPU
		{684AE5B1-86DF-4F78-9641-E432F2BAC292}.Debug|Any CPU.ActiveCfg = Debug|Any CPU
		{684AE5B1-86DF-4F78-9641-E432F2BAC292}.Debug|Any CPU.Build.0 = Debug|Any CPU
		{684AE5B1-86DF-4F78-9641-E432F2BAC292}.Debug|x86.ActiveCfg = Debug|Any CPU
		{684AE5B1-86DF-4F78-9641-E432F2BAC292}.Debug|x86.Build.0 = Debug|Any CPU
		{684AE5B1-86DF-4F78-9641-E432F2BAC292}.Release|Any CPU.ActiveCfg = Release|Any CPU
		{684AE5B1-86DF-4F78-9641-E432F2BAC292}.Release|Any CPU.Build.0 = Release|Any CPU
		{684AE5B1-86DF-4F78-9641-E432F2BAC292}.Release|x86.ActiveCfg = Release|Any CPU
		{684AE5B1-86DF-4F78-9641-E432F2BAC292}.Release|x86.Build.0 = Release|Any CPU
		{1C51BC9A-5005-4B33-A875-B7746D2FF79C}.Debug|Any CPU.ActiveCfg = Debug|Any CPU
		{1C51BC9A-5005-4B33-A875-B7746D2FF79C}.Debug|Any CPU.Build.0 = Debug|Any CPU
		{1C51BC9A-5005-4B33-A875-B7746D2FF79C}.Debug|x86.ActiveCfg = Debug|Any CPU
		{1C51BC9A-5005-4B33-A875-B7746D2FF79C}.Debug|x86.Build.0 = Debug|Any CPU
		{1C51BC9A-5005-4B33-A875-B7746D2FF79C}.Release|Any CPU.ActiveCfg = Release|Any CPU
		{1C51BC9A-5005-4B33-A875-B7746D2FF79C}.Release|Any CPU.Build.0 = Release|Any CPU
		{1C51BC9A-5005-4B33-A875-B7746D2FF79C}.Release|x86.ActiveCfg = Release|Any CPU
		{1C51BC9A-5005-4B33-A875-B7746D2FF79C}.Release|x86.Build.0 = Release|Any CPU
		{C970F2F3-BA82-4808-8EFA-D73C2808491A}.Debug|Any CPU.ActiveCfg = Debug|Any CPU
		{C970F2F3-BA82-4808-8EFA-D73C2808491A}.Debug|Any CPU.Build.0 = Debug|Any CPU
		{C970F2F3-BA82-4808-8EFA-D73C2808491A}.Debug|x86.ActiveCfg = Debug|Any CPU
		{C970F2F3-BA82-4808-8EFA-D73C2808491A}.Debug|x86.Build.0 = Debug|Any CPU
		{C970F2F3-BA82-4808-8EFA-D73C2808491A}.Release|Any CPU.ActiveCfg = Release|Any CPU
		{C970F2F3-BA82-4808-8EFA-D73C2808491A}.Release|Any CPU.Build.0 = Release|Any CPU
		{C970F2F3-BA82-4808-8EFA-D73C2808491A}.Release|x86.ActiveCfg = Release|Any CPU
		{C970F2F3-BA82-4808-8EFA-D73C2808491A}.Release|x86.Build.0 = Release|Any CPU
		{DBD35BA6-3F5E-46C7-AA9A-87FE421C3885}.Debug|Any CPU.ActiveCfg = Debug|Any CPU
		{DBD35BA6-3F5E-46C7-AA9A-87FE421C3885}.Debug|Any CPU.Build.0 = Debug|Any CPU
		{DBD35BA6-3F5E-46C7-AA9A-87FE421C3885}.Debug|x86.ActiveCfg = Debug|Any CPU
		{DBD35BA6-3F5E-46C7-AA9A-87FE421C3885}.Debug|x86.Build.0 = Debug|Any CPU
		{DBD35BA6-3F5E-46C7-AA9A-87FE421C3885}.Release|Any CPU.ActiveCfg = Release|Any CPU
		{DBD35BA6-3F5E-46C7-AA9A-87FE421C3885}.Release|Any CPU.Build.0 = Release|Any CPU
		{DBD35BA6-3F5E-46C7-AA9A-87FE421C3885}.Release|x86.ActiveCfg = Release|Any CPU
		{DBD35BA6-3F5E-46C7-AA9A-87FE421C3885}.Release|x86.Build.0 = Release|Any CPU
		{9D7F5F15-0A26-4C71-8F81-0B085570F0E9}.Debug|Any CPU.ActiveCfg = Debug|Any CPU
		{9D7F5F15-0A26-4C71-8F81-0B085570F0E9}.Debug|Any CPU.Build.0 = Debug|Any CPU
		{9D7F5F15-0A26-4C71-8F81-0B085570F0E9}.Debug|x86.ActiveCfg = Debug|Any CPU
		{9D7F5F15-0A26-4C71-8F81-0B085570F0E9}.Debug|x86.Build.0 = Debug|Any CPU
		{9D7F5F15-0A26-4C71-8F81-0B085570F0E9}.Release|Any CPU.ActiveCfg = Release|Any CPU
		{9D7F5F15-0A26-4C71-8F81-0B085570F0E9}.Release|Any CPU.Build.0 = Release|Any CPU
		{9D7F5F15-0A26-4C71-8F81-0B085570F0E9}.Release|x86.ActiveCfg = Release|Any CPU
		{9D7F5F15-0A26-4C71-8F81-0B085570F0E9}.Release|x86.Build.0 = Release|Any CPU
		{4127D8E0-6590-4745-963A-4DBC39F4FB84}.Debug|Any CPU.ActiveCfg = Debug|Any CPU
		{4127D8E0-6590-4745-963A-4DBC39F4FB84}.Debug|Any CPU.Build.0 = Debug|Any CPU
		{4127D8E0-6590-4745-963A-4DBC39F4FB84}.Debug|x86.ActiveCfg = Debug|Any CPU
		{4127D8E0-6590-4745-963A-4DBC39F4FB84}.Debug|x86.Build.0 = Debug|Any CPU
		{4127D8E0-6590-4745-963A-4DBC39F4FB84}.Release|Any CPU.ActiveCfg = Release|Any CPU
		{4127D8E0-6590-4745-963A-4DBC39F4FB84}.Release|Any CPU.Build.0 = Release|Any CPU
		{4127D8E0-6590-4745-963A-4DBC39F4FB84}.Release|x86.ActiveCfg = Release|Any CPU
		{4127D8E0-6590-4745-963A-4DBC39F4FB84}.Release|x86.Build.0 = Release|Any CPU
		{16DB8FA7-D3E0-4023-A27D-C9CDF6627E2B}.Debug|Any CPU.ActiveCfg = Debug|Any CPU
		{16DB8FA7-D3E0-4023-A27D-C9CDF6627E2B}.Debug|Any CPU.Build.0 = Debug|Any CPU
		{16DB8FA7-D3E0-4023-A27D-C9CDF6627E2B}.Debug|x86.ActiveCfg = Debug|Any CPU
		{16DB8FA7-D3E0-4023-A27D-C9CDF6627E2B}.Debug|x86.Build.0 = Debug|Any CPU
		{16DB8FA7-D3E0-4023-A27D-C9CDF6627E2B}.Release|Any CPU.ActiveCfg = Release|Any CPU
		{16DB8FA7-D3E0-4023-A27D-C9CDF6627E2B}.Release|Any CPU.Build.0 = Release|Any CPU
		{16DB8FA7-D3E0-4023-A27D-C9CDF6627E2B}.Release|x86.ActiveCfg = Release|Any CPU
		{16DB8FA7-D3E0-4023-A27D-C9CDF6627E2B}.Release|x86.Build.0 = Release|Any CPU
	EndGlobalSection
	GlobalSection(SolutionProperties) = preSolution
		HideSolutionNode = FALSE
	EndGlobalSection
	GlobalSection(NestedProjects) = preSolution
		{32A1EDD1-37BE-4621-88BB-6988D112E724} = {3BE672F6-C805-4F64-A224-0D7C8DE9FC74}
		{D1437F6E-4A90-4F76-97F4-A51D30E3A111} = {3BE672F6-C805-4F64-A224-0D7C8DE9FC74}
		{B8B87E27-A52F-48C4-8BA3-E6772768F2C3} = {3BE672F6-C805-4F64-A224-0D7C8DE9FC74}
		{1BD797F0-2CE6-49D8-B7AB-87375DC960D8} = {3BE672F6-C805-4F64-A224-0D7C8DE9FC74}
		{9E8306B4-BA06-48FC-AA25-886432CD3D92} = {3BE672F6-C805-4F64-A224-0D7C8DE9FC74}
		{4AEB5515-48FE-4543-B27E-E2E441DB5855} = {3BE672F6-C805-4F64-A224-0D7C8DE9FC74}
		{7565E4E1-AB68-43A0-AE34-51529B7F8DB7} = {3BE672F6-C805-4F64-A224-0D7C8DE9FC74}
		{222B43A3-EA38-4C04-9CB9-90E5A5FE968D} = {3BE672F6-C805-4F64-A224-0D7C8DE9FC74}
		{F14FBC33-605D-4175-9BC4-FE39AAB32331} = {3BE672F6-C805-4F64-A224-0D7C8DE9FC74}
		{A99E535D-5103-456F-83E6-38D70093101A} = {3BE672F6-C805-4F64-A224-0D7C8DE9FC74}
		{06FA47BB-F2ED-4661-8132-9F65E9AB6A8A} = {3BE672F6-C805-4F64-A224-0D7C8DE9FC74}
		{B75B9F4C-5BA1-469D-A732-50551BFEFB42} = {3BE672F6-C805-4F64-A224-0D7C8DE9FC74}
		{BE0675C0-F337-49A1-BD03-917550E8507A} = {3BE672F6-C805-4F64-A224-0D7C8DE9FC74}
		{9D6F5BB0-8B0C-4B8C-BFB1-CE95E83348A8} = {3BE672F6-C805-4F64-A224-0D7C8DE9FC74}
		{4BB7AF8B-B01E-4007-9EAE-D5FF006E2455} = {16F67C77-8AB0-4694-B26E-A6404C129B9D}
		{BDCB4998-5F64-4946-8E2C-C57D5F6C17DD} = {16F67C77-8AB0-4694-B26E-A6404C129B9D}
		{A448050F-8C5B-426B-8F2E-764DF9D17CDC} = {16F67C77-8AB0-4694-B26E-A6404C129B9D}
		{F7C710C3-C245-4EF6-A32F-7C53E77BB6F7} = {16F67C77-8AB0-4694-B26E-A6404C129B9D}
		{A4C63C9C-4C9B-4236-BE3D-B86D4BA2F6E3} = {2469CC67-D5EC-49F8-9CE7-00255E0EE5ED}
		{C55E6339-E616-40C4-81B7-EDFCCB102EB3} = {2469CC67-D5EC-49F8-9CE7-00255E0EE5ED}
		{B67F27C5-2970-4142-8620-79DBB446BC23} = {2469CC67-D5EC-49F8-9CE7-00255E0EE5ED}
		{0BC71BEC-6C36-497D-A3CD-D496E40C9A0D} = {2469CC67-D5EC-49F8-9CE7-00255E0EE5ED}
		{75399029-AB86-49BA-8676-F8709851927B} = {2469CC67-D5EC-49F8-9CE7-00255E0EE5ED}
		{3B77A1B2-ECD6-4C3D-B0F8-235A64702F5F} = {0A5C7EBF-EC52-4681-81B5-01DE9E62DF35}
		{F45AD950-9A16-4607-A929-28D80984ADF5} = {0A5C7EBF-EC52-4681-81B5-01DE9E62DF35}
		{2A46A450-EF28-45C8-9236-7D19150CE7F9} = {3BE672F6-C805-4F64-A224-0D7C8DE9FC74}
		{B256DB85-E596-4716-9C0E-8717E227AA07} = {3BE672F6-C805-4F64-A224-0D7C8DE9FC74}
		{92C777D3-1285-4A82-9E2F-DC4902E1476B} = {F0F9CD4E-69B8-4CBD-919A-311F8F891599}
		{8AEFA177-1D02-4EA5-88A9-3B9D384B48DC} = {F0F9CD4E-69B8-4CBD-919A-311F8F891599}
		{9621404C-9E50-4A55-A1B6-FFF8DD9DB988} = {F0F9CD4E-69B8-4CBD-919A-311F8F891599}
		{31F94985-F0BB-40DF-98CE-48B5F3210C4A} = {F0F9CD4E-69B8-4CBD-919A-311F8F891599}
		{CA959DE9-40D9-4CEC-B290-DF4814050685} = {F0F9CD4E-69B8-4CBD-919A-311F8F891599}
		{6BF7AFAC-FC76-4A4C-BA01-904EF63D4AA8} = {F0F9CD4E-69B8-4CBD-919A-311F8F891599}
		{024CD503-EF63-4C12-B131-0087D8BE8E82} = {F0F9CD4E-69B8-4CBD-919A-311F8F891599}
		{000C1B14-F126-4D22-8670-66FD3159991D} = {D4BAB8AF-38C3-40D0-A2F9-42AD79F4220A}
		{BF266098-0C8C-41A8-806A-C982E9673064} = {D4BAB8AF-38C3-40D0-A2F9-42AD79F4220A}
		{F7632454-81C4-4ECD-9120-E690F1D3CFEF} = {D4BAB8AF-38C3-40D0-A2F9-42AD79F4220A}
		{5622C0DD-D121-410B-A33E-5540470CC931} = {D4BAB8AF-38C3-40D0-A2F9-42AD79F4220A}
		{628ED669-CBA7-4FD5-842B-0AD63C8AB643} = {D4BAB8AF-38C3-40D0-A2F9-42AD79F4220A}
		{05CDA02E-FD15-4BEF-A8AC-288179A2F515} = {D4BAB8AF-38C3-40D0-A2F9-42AD79F4220A}
		{25F2D17A-CC1A-45A6-8BD9-EB2B7C2FA918} = {D4BAB8AF-38C3-40D0-A2F9-42AD79F4220A}
		{E3747282-377C-4B29-BA37-0C318C5F5A0C} = {D4BAB8AF-38C3-40D0-A2F9-42AD79F4220A}
		{CBBC4014-7DCA-46F6-B38C-ACC5B472563C} = {B5F5A42F-0563-4F02-A7AF-BEC2DCFE56BF}
		{92E80C21-81E6-4991-80F2-8D5F42B2177C} = {B5F5A42F-0563-4F02-A7AF-BEC2DCFE56BF}
		{3C2BB217-EB3F-49E1-A3ED-06F707FEEE3E} = {B5F5A42F-0563-4F02-A7AF-BEC2DCFE56BF}
		{A5765574-9C9A-4813-97E4-E8422C10A812} = {B5F5A42F-0563-4F02-A7AF-BEC2DCFE56BF}
		{BDC9591A-BAE7-4FA0-A6CA-06045530E4AF} = {B5F5A42F-0563-4F02-A7AF-BEC2DCFE56BF}
		{E2725148-346A-49E7-8056-2E67B9F7ABB0} = {B5F5A42F-0563-4F02-A7AF-BEC2DCFE56BF}
		{03E5FB15-AD95-4BBB-A1A0-A06ED8469532} = {B5F5A42F-0563-4F02-A7AF-BEC2DCFE56BF}
		{44D36C70-C2E8-42D4-A421-8CB0AFE0D536} = {B5F5A42F-0563-4F02-A7AF-BEC2DCFE56BF}
		{9BD43E86-AD1B-4E8A-A78B-1012564C38C0} = {6C24C131-CCCB-4A61-9CD5-1E7BBD8A01E9}
		{0C7B6A2F-D8DC-48F7-A286-E5CEF45BFDA6} = {84ABF3BF-5A37-46FB-AD1A-A741AD4C9177}
		{880B6091-54E2-4C38-8CF7-DC4DAA414E3F} = {84ABF3BF-5A37-46FB-AD1A-A741AD4C9177}
		{5C2F1521-1400-4D7D-B6DF-BC9B158388FB} = {6C24C131-CCCB-4A61-9CD5-1E7BBD8A01E9}
		{3745FD16-746A-487F-A2F9-DD2799B78082} = {6C24C131-CCCB-4A61-9CD5-1E7BBD8A01E9}
		{B7947D47-FC3C-4967-B96F-9E5BC78ADBDA} = {6C24C131-CCCB-4A61-9CD5-1E7BBD8A01E9}
		{5BC8F96B-3D11-4CFF-9B54-3598CC583F3B} = {6C24C131-CCCB-4A61-9CD5-1E7BBD8A01E9}
		{E115C7CF-2D0D-4DCB-8BC1-39B29221821A} = {6C24C131-CCCB-4A61-9CD5-1E7BBD8A01E9}
		{C66B7ECC-CF40-46B7-B62F-FA5A00256FC3} = {6C24C131-CCCB-4A61-9CD5-1E7BBD8A01E9}
		{769A8732-68A8-4B37-8DB7-363EBF267357} = {6C24C131-CCCB-4A61-9CD5-1E7BBD8A01E9}
		{4B77C363-30C8-4722-BE6D-122EC5E8D953} = {2A0CCF7C-880D-4714-A292-724164589CF8}
		{27DC8022-FA08-4672-A69E-AAEDA40B55FB} = {2A0CCF7C-880D-4714-A292-724164589CF8}
		{EAC231BB-F230-4900-98F0-FE3C3D07BF6A} = {2A0CCF7C-880D-4714-A292-724164589CF8}
		{A7473612-7E20-4891-9684-4C8D91CDAB01} = {2A0CCF7C-880D-4714-A292-724164589CF8}
		{95A941F8-5552-41AC-B586-9D8388C09C03} = {2A0CCF7C-880D-4714-A292-724164589CF8}
		{306BEA08-BFC1-4EAD-BA6E-DFDF1AEF3E67} = {2A0CCF7C-880D-4714-A292-724164589CF8}
		{9449DD77-D5CB-491B-9F02-858B384BD529} = {2A0CCF7C-880D-4714-A292-724164589CF8}
		{684AE5B1-86DF-4F78-9641-E432F2BAC292} = {2A0CCF7C-880D-4714-A292-724164589CF8}
		{1C51BC9A-5005-4B33-A875-B7746D2FF79C} = {26FDD87A-79A9-4C8A-9DCE-E7FD5A397BA3}
		{C970F2F3-BA82-4808-8EFA-D73C2808491A} = {26FDD87A-79A9-4C8A-9DCE-E7FD5A397BA3}
		{DBD35BA6-3F5E-46C7-AA9A-87FE421C3885} = {26FDD87A-79A9-4C8A-9DCE-E7FD5A397BA3}
		{9D7F5F15-0A26-4C71-8F81-0B085570F0E9} = {26FDD87A-79A9-4C8A-9DCE-E7FD5A397BA3}
		{4127D8E0-6590-4745-963A-4DBC39F4FB84} = {26FDD87A-79A9-4C8A-9DCE-E7FD5A397BA3}
		{16DB8FA7-D3E0-4023-A27D-C9CDF6627E2B} = {26FDD87A-79A9-4C8A-9DCE-E7FD5A397BA3}
	EndGlobalSection
	GlobalSection(ExtensibilityGlobals) = postSolution
		SolutionGuid = {313E84AE-3CAE-4EB0-A438-48EDCB9474F9}
	EndGlobalSection
EndGlobal
