
Microsoft Visual Studio Solution File, Format Version 12.00
# Visual Studio Version 16
VisualStudioVersion = 16.0.29806.167
MinimumVisualStudioVersion = 10.0.40219.1
Project("{FAE04EC0-301F-11D3-BF4B-00C04F79EFBC}") = "WebAppSetting", "WebAppSetting\WebAppSetting.csproj", "{F67333F8-2A35-42A5-87C1-4F92E7418A4C}"
EndProject
Project("{FAE04EC0-301F-11D3-BF4B-00C04F79EFBC}") = "SaveAttribute", "SaveAttribute\SaveAttribute.csproj", "{2CB8F606-52AA-42C0-A139-2F7BD3B85708}"
EndProject
Project("{FAE04EC0-301F-11D3-BF4B-00C04F79EFBC}") = "AddAndSettingHTMLController", "AddAndSettingHTMLController\AddAndSettingHTMLController.csproj", "{78EC4FDF-9AB6-48E7-B0F2-0630BD624F48}"
EndProject
Project("{FAE04EC0-301F-11D3-BF4B-00C04F79EFBC}") = "AddAndSettingWEBController", "AddAndSettingWEBController\AddAndSettingWEBController.csproj", "{1B347760-5F9D-41A3-B02A-CCDB4180F84F}"
EndProject
Project("{FAE04EC0-301F-11D3-BF4B-00C04F79EFBC}") = "HowToWriteCode", "HowToWriteCode\HowToWriteCode.csproj", "{CD87E38D-5286-4F62-BF5D-3B00CC0735A0}"
EndProject
Project("{FAE04EC0-301F-11D3-BF4B-00C04F79EFBC}") = "ServerSiteEvent", "ServerSiteEvent\ServerSiteEvent.csproj", "{8C3DBB89-3169-42F4-887B-F907515A2399}"
EndProject
Project("{FAE04EC0-301F-11D3-BF4B-00C04F79EFBC}") = "ClientSiteEvent", "ClientSiteEvent\ClientSiteEvent.csproj", "{A7B209F4-BC98-416B-9F7E-9E1E84152EF4}"
EndProject
Project("{9A19103F-16F7-4668-BE54-9A1E7A4F7556}") = "BuildComponentAndMember", "BuildComponentAndMember\BuildComponentAndMember.csproj", "{09C4FF4D-9EA1-4064-91D1-3A959AD54DCC}"
EndProject
Project("{FAE04EC0-301F-11D3-BF4B-00C04F79EFBC}") = "WebFormAccessComponent", "WebFormAccessComponent\WebFormAccessComponent.csproj", "{FF4D0DD7-0E86-4670-98A8-87E3C9C681C9}"
EndProject
Project("{2150E333-8FDC-42A3-9474-1A3956D46DE8}") = "CH3_ComponentBuildAndUse", "CH3_ComponentBuildAndUse", "{BD1A0B1C-DF2C-4AAA-AEA7-0DA8DC93CFD1}"
EndProject
Project("{2150E333-8FDC-42A3-9474-1A3956D46DE8}") = "CH1", "CH1", "{FD8F4E50-EF3B-4CE9-A9E5-720575AD285B}"
EndProject
Project("{2150E333-8FDC-42A3-9474-1A3956D46DE8}") = "CH2", "CH2", "{6E9699C7-380C-41F7-BA8E-C5CFE4E712E0}"
EndProject
Project("{2150E333-8FDC-42A3-9474-1A3956D46DE8}") = "CH4", "CH4", "{960A97DF-02E5-4636-84EB-D3DEBDFDF3C9}"
EndProject
Project("{FAE04EC0-301F-11D3-BF4B-00C04F79EFBC}") = "FrontPageEventCycle", "FrontPageEventCycle\FrontPageEventCycle.csproj", "{522526F4-1733-4819-9241-B5412CFC2B82}"
EndProject
Project("{FAE04EC0-301F-11D3-BF4B-00C04F79EFBC}") = "PostBack", "PostBack\PostBack.csproj", "{DE37AAFF-349B-4E30-A1AC-DB94C2DF7E9A}"
EndProject
Global
	GlobalSection(SolutionConfigurationPlatforms) = preSolution
		Debug|Any CPU = Debug|Any CPU
		Release|Any CPU = Release|Any CPU
	EndGlobalSection
	GlobalSection(ProjectConfigurationPlatforms) = postSolution
		{F67333F8-2A35-42A5-87C1-4F92E7418A4C}.Debug|Any CPU.ActiveCfg = Debug|Any CPU
		{F67333F8-2A35-42A5-87C1-4F92E7418A4C}.Debug|Any CPU.Build.0 = Debug|Any CPU
		{F67333F8-2A35-42A5-87C1-4F92E7418A4C}.Release|Any CPU.ActiveCfg = Release|Any CPU
		{F67333F8-2A35-42A5-87C1-4F92E7418A4C}.Release|Any CPU.Build.0 = Release|Any CPU
		{2CB8F606-52AA-42C0-A139-2F7BD3B85708}.Debug|Any CPU.ActiveCfg = Debug|Any CPU
		{2CB8F606-52AA-42C0-A139-2F7BD3B85708}.Debug|Any CPU.Build.0 = Debug|Any CPU
		{2CB8F606-52AA-42C0-A139-2F7BD3B85708}.Release|Any CPU.ActiveCfg = Release|Any CPU
		{2CB8F606-52AA-42C0-A139-2F7BD3B85708}.Release|Any CPU.Build.0 = Release|Any CPU
		{78EC4FDF-9AB6-48E7-B0F2-0630BD624F48}.Debug|Any CPU.ActiveCfg = Debug|Any CPU
		{78EC4FDF-9AB6-48E7-B0F2-0630BD624F48}.Debug|Any CPU.Build.0 = Debug|Any CPU
		{78EC4FDF-9AB6-48E7-B0F2-0630BD624F48}.Release|Any CPU.ActiveCfg = Release|Any CPU
		{78EC4FDF-9AB6-48E7-B0F2-0630BD624F48}.Release|Any CPU.Build.0 = Release|Any CPU
		{1B347760-5F9D-41A3-B02A-CCDB4180F84F}.Debug|Any CPU.ActiveCfg = Debug|Any CPU
		{1B347760-5F9D-41A3-B02A-CCDB4180F84F}.Debug|Any CPU.Build.0 = Debug|Any CPU
		{1B347760-5F9D-41A3-B02A-CCDB4180F84F}.Release|Any CPU.ActiveCfg = Release|Any CPU
		{1B347760-5F9D-41A3-B02A-CCDB4180F84F}.Release|Any CPU.Build.0 = Release|Any CPU
		{CD87E38D-5286-4F62-BF5D-3B00CC0735A0}.Debug|Any CPU.ActiveCfg = Debug|Any CPU
		{CD87E38D-5286-4F62-BF5D-3B00CC0735A0}.Debug|Any CPU.Build.0 = Debug|Any CPU
		{CD87E38D-5286-4F62-BF5D-3B00CC0735A0}.Release|Any CPU.ActiveCfg = Release|Any CPU
		{CD87E38D-5286-4F62-BF5D-3B00CC0735A0}.Release|Any CPU.Build.0 = Release|Any CPU
		{8C3DBB89-3169-42F4-887B-F907515A2399}.Debug|Any CPU.ActiveCfg = Debug|Any CPU
		{8C3DBB89-3169-42F4-887B-F907515A2399}.Debug|Any CPU.Build.0 = Debug|Any CPU
		{8C3DBB89-3169-42F4-887B-F907515A2399}.Release|Any CPU.ActiveCfg = Release|Any CPU
		{8C3DBB89-3169-42F4-887B-F907515A2399}.Release|Any CPU.Build.0 = Release|Any CPU
		{A7B209F4-BC98-416B-9F7E-9E1E84152EF4}.Debug|Any CPU.ActiveCfg = Debug|Any CPU
		{A7B209F4-BC98-416B-9F7E-9E1E84152EF4}.Debug|Any CPU.Build.0 = Debug|Any CPU
		{A7B209F4-BC98-416B-9F7E-9E1E84152EF4}.Release|Any CPU.ActiveCfg = Release|Any CPU
		{A7B209F4-BC98-416B-9F7E-9E1E84152EF4}.Release|Any CPU.Build.0 = Release|Any CPU
		{09C4FF4D-9EA1-4064-91D1-3A959AD54DCC}.Debug|Any CPU.ActiveCfg = Debug|Any CPU
		{09C4FF4D-9EA1-4064-91D1-3A959AD54DCC}.Debug|Any CPU.Build.0 = Debug|Any CPU
		{09C4FF4D-9EA1-4064-91D1-3A959AD54DCC}.Release|Any CPU.ActiveCfg = Release|Any CPU
		{09C4FF4D-9EA1-4064-91D1-3A959AD54DCC}.Release|Any CPU.Build.0 = Release|Any CPU
		{FF4D0DD7-0E86-4670-98A8-87E3C9C681C9}.Debug|Any CPU.ActiveCfg = Debug|Any CPU
		{FF4D0DD7-0E86-4670-98A8-87E3C9C681C9}.Debug|Any CPU.Build.0 = Debug|Any CPU
		{FF4D0DD7-0E86-4670-98A8-87E3C9C681C9}.Release|Any CPU.ActiveCfg = Release|Any CPU
		{FF4D0DD7-0E86-4670-98A8-87E3C9C681C9}.Release|Any CPU.Build.0 = Release|Any CPU
		{522526F4-1733-4819-9241-B5412CFC2B82}.Debug|Any CPU.ActiveCfg = Debug|Any CPU
		{522526F4-1733-4819-9241-B5412CFC2B82}.Debug|Any CPU.Build.0 = Debug|Any CPU
		{522526F4-1733-4819-9241-B5412CFC2B82}.Release|Any CPU.ActiveCfg = Release|Any CPU
		{522526F4-1733-4819-9241-B5412CFC2B82}.Release|Any CPU.Build.0 = Release|Any CPU
		{DE37AAFF-349B-4E30-A1AC-DB94C2DF7E9A}.Debug|Any CPU.ActiveCfg = Debug|Any CPU
		{DE37AAFF-349B-4E30-A1AC-DB94C2DF7E9A}.Debug|Any CPU.Build.0 = Debug|Any CPU
		{DE37AAFF-349B-4E30-A1AC-DB94C2DF7E9A}.Release|Any CPU.ActiveCfg = Release|Any CPU
		{DE37AAFF-349B-4E30-A1AC-DB94C2DF7E9A}.Release|Any CPU.Build.0 = Release|Any CPU
	EndGlobalSection
	GlobalSection(SolutionProperties) = preSolution
		HideSolutionNode = FALSE
	EndGlobalSection
	GlobalSection(NestedProjects) = preSolution
		{F67333F8-2A35-42A5-87C1-4F92E7418A4C} = {FD8F4E50-EF3B-4CE9-A9E5-720575AD285B}
		{2CB8F606-52AA-42C0-A139-2F7BD3B85708} = {FD8F4E50-EF3B-4CE9-A9E5-720575AD285B}
		{78EC4FDF-9AB6-48E7-B0F2-0630BD624F48} = {FD8F4E50-EF3B-4CE9-A9E5-720575AD285B}
		{1B347760-5F9D-41A3-B02A-CCDB4180F84F} = {FD8F4E50-EF3B-4CE9-A9E5-720575AD285B}
		{CD87E38D-5286-4F62-BF5D-3B00CC0735A0} = {6E9699C7-380C-41F7-BA8E-C5CFE4E712E0}
		{8C3DBB89-3169-42F4-887B-F907515A2399} = {6E9699C7-380C-41F7-BA8E-C5CFE4E712E0}
		{A7B209F4-BC98-416B-9F7E-9E1E84152EF4} = {6E9699C7-380C-41F7-BA8E-C5CFE4E712E0}
		{09C4FF4D-9EA1-4064-91D1-3A959AD54DCC} = {BD1A0B1C-DF2C-4AAA-AEA7-0DA8DC93CFD1}
		{FF4D0DD7-0E86-4670-98A8-87E3C9C681C9} = {BD1A0B1C-DF2C-4AAA-AEA7-0DA8DC93CFD1}
		{522526F4-1733-4819-9241-B5412CFC2B82} = {960A97DF-02E5-4636-84EB-D3DEBDFDF3C9}
		{DE37AAFF-349B-4E30-A1AC-DB94C2DF7E9A} = {960A97DF-02E5-4636-84EB-D3DEBDFDF3C9}
	EndGlobalSection
	GlobalSection(ExtensibilityGlobals) = postSolution
		SolutionGuid = {1EEF00AC-C417-4355-B62B-DAEA6333D62D}
	EndGlobalSection
EndGlobal
