
Microsoft Visual Studio Solution File, Format Version 12.00
# Visual Studio Version 16
VisualStudioVersion = 16.0.30011.22
MinimumVisualStudioVersion = 10.0.40219.1
Project("{FAE04EC0-301F-11D3-BF4B-00C04F79EFBC}") = "CS_demo01", "CS_demo01\CS_demo01.csproj", "{3915CB09-1B95-4D9F-95FD-696C74595350}"
EndProject
Project("{FAE04EC0-301F-11D3-BF4B-00C04F79EFBC}") = "CS_demo02", "CS_demo02\CS_demo02.csproj", "{121DBF13-DE46-4592-BB7C-A1D4926AC00A}"
EndProject
Project("{FAE04EC0-301F-11D3-BF4B-00C04F79EFBC}") = "CS_demo03", "CS_demo03\CS_demo03.csproj", "{05B6F204-31E7-44B2-B75B-AA340D2CC9A9}"
EndProject
Project("{FAE04EC0-301F-11D3-BF4B-00C04F79EFBC}") = "CS_demo04", "CS_demo04\CS_demo04.csproj", "{C523E169-F472-4667-B592-060F43A590BF}"
EndProject
Project("{FAE04EC0-301F-11D3-BF4B-00C04F79EFBC}") = "CS_demo05", "CS_demo05\CS_demo05.csproj", "{057E90E4-2810-4555-ADCC-441ECBE86441}"
EndProject
Project("{FAE04EC0-301F-11D3-BF4B-00C04F79EFBC}") = "CS_demo06", "CS_demo06\CS_demo06.csproj", "{41CB2215-0BF4-458C-A88C-BA12F008F46E}"
EndProject
Project("{FAE04EC0-301F-11D3-BF4B-00C04F79EFBC}") = "CS_demo07", "CS_demo07\CS_demo07.csproj", "{FB46B398-9247-4D96-951B-051D35CFF8D6}"
EndProject
Project("{FAE04EC0-301F-11D3-BF4B-00C04F79EFBC}") = "CS_demo08", "CS_demo08\CS_demo08.csproj", "{C892547D-45A3-494A-9488-2A85C714B184}"
EndProject
Project("{FAE04EC0-301F-11D3-BF4B-00C04F79EFBC}") = "CS_demo09", "CS_demo09\CS_demo09.csproj", "{A139B4B2-5913-44DB-B7F2-6DB25FF324A6}"
EndProject
Project("{2150E333-8FDC-42A3-9474-1A3956D46DE8}") = "CH1_新資料存取技術介紹", "CH1_新資料存取技術介紹", "{B7C9662E-EC89-4CB7-82BC-93E05457684B}"
EndProject
Project("{2150E333-8FDC-42A3-9474-1A3956D46DE8}") = "CH2_實體資料查詢及資料異動", "CH2_實體資料查詢及資料異動", "{400CF7A8-66C6-460A-8267-B30138C7B2DC}"
EndProject
Project("{FAE04EC0-301F-11D3-BF4B-00C04F79EFBC}") = "CS_demo10", "CS_demo10\CS_demo10.csproj", "{79A52FCE-9761-4F69-BBCB-213E29B23486}"
EndProject
Global
	GlobalSection(SolutionConfigurationPlatforms) = preSolution
		Debug|Any CPU = Debug|Any CPU
		Release|Any CPU = Release|Any CPU
	EndGlobalSection
	GlobalSection(ProjectConfigurationPlatforms) = postSolution
		{3915CB09-1B95-4D9F-95FD-696C74595350}.Debug|Any CPU.ActiveCfg = Debug|Any CPU
		{3915CB09-1B95-4D9F-95FD-696C74595350}.Debug|Any CPU.Build.0 = Debug|Any CPU
		{3915CB09-1B95-4D9F-95FD-696C74595350}.Release|Any CPU.ActiveCfg = Release|Any CPU
		{3915CB09-1B95-4D9F-95FD-696C74595350}.Release|Any CPU.Build.0 = Release|Any CPU
		{121DBF13-DE46-4592-BB7C-A1D4926AC00A}.Debug|Any CPU.ActiveCfg = Debug|Any CPU
		{121DBF13-DE46-4592-BB7C-A1D4926AC00A}.Debug|Any CPU.Build.0 = Debug|Any CPU
		{121DBF13-DE46-4592-BB7C-A1D4926AC00A}.Release|Any CPU.ActiveCfg = Release|Any CPU
		{121DBF13-DE46-4592-BB7C-A1D4926AC00A}.Release|Any CPU.Build.0 = Release|Any CPU
		{05B6F204-31E7-44B2-B75B-AA340D2CC9A9}.Debug|Any CPU.ActiveCfg = Debug|Any CPU
		{05B6F204-31E7-44B2-B75B-AA340D2CC9A9}.Debug|Any CPU.Build.0 = Debug|Any CPU
		{05B6F204-31E7-44B2-B75B-AA340D2CC9A9}.Release|Any CPU.ActiveCfg = Release|Any CPU
		{05B6F204-31E7-44B2-B75B-AA340D2CC9A9}.Release|Any CPU.Build.0 = Release|Any CPU
		{C523E169-F472-4667-B592-060F43A590BF}.Debug|Any CPU.ActiveCfg = Debug|Any CPU
		{C523E169-F472-4667-B592-060F43A590BF}.Debug|Any CPU.Build.0 = Debug|Any CPU
		{C523E169-F472-4667-B592-060F43A590BF}.Release|Any CPU.ActiveCfg = Release|Any CPU
		{C523E169-F472-4667-B592-060F43A590BF}.Release|Any CPU.Build.0 = Release|Any CPU
		{057E90E4-2810-4555-ADCC-441ECBE86441}.Debug|Any CPU.ActiveCfg = Debug|Any CPU
		{057E90E4-2810-4555-ADCC-441ECBE86441}.Debug|Any CPU.Build.0 = Debug|Any CPU
		{057E90E4-2810-4555-ADCC-441ECBE86441}.Release|Any CPU.ActiveCfg = Release|Any CPU
		{057E90E4-2810-4555-ADCC-441ECBE86441}.Release|Any CPU.Build.0 = Release|Any CPU
		{41CB2215-0BF4-458C-A88C-BA12F008F46E}.Debug|Any CPU.ActiveCfg = Debug|Any CPU
		{41CB2215-0BF4-458C-A88C-BA12F008F46E}.Debug|Any CPU.Build.0 = Debug|Any CPU
		{41CB2215-0BF4-458C-A88C-BA12F008F46E}.Release|Any CPU.ActiveCfg = Release|Any CPU
		{41CB2215-0BF4-458C-A88C-BA12F008F46E}.Release|Any CPU.Build.0 = Release|Any CPU
		{FB46B398-9247-4D96-951B-051D35CFF8D6}.Debug|Any CPU.ActiveCfg = Debug|Any CPU
		{FB46B398-9247-4D96-951B-051D35CFF8D6}.Debug|Any CPU.Build.0 = Debug|Any CPU
		{FB46B398-9247-4D96-951B-051D35CFF8D6}.Release|Any CPU.ActiveCfg = Release|Any CPU
		{FB46B398-9247-4D96-951B-051D35CFF8D6}.Release|Any CPU.Build.0 = Release|Any CPU
		{C892547D-45A3-494A-9488-2A85C714B184}.Debug|Any CPU.ActiveCfg = Debug|Any CPU
		{C892547D-45A3-494A-9488-2A85C714B184}.Debug|Any CPU.Build.0 = Debug|Any CPU
		{C892547D-45A3-494A-9488-2A85C714B184}.Release|Any CPU.ActiveCfg = Release|Any CPU
		{C892547D-45A3-494A-9488-2A85C714B184}.Release|Any CPU.Build.0 = Release|Any CPU
		{A139B4B2-5913-44DB-B7F2-6DB25FF324A6}.Debug|Any CPU.ActiveCfg = Debug|Any CPU
		{A139B4B2-5913-44DB-B7F2-6DB25FF324A6}.Debug|Any CPU.Build.0 = Debug|Any CPU
		{A139B4B2-5913-44DB-B7F2-6DB25FF324A6}.Release|Any CPU.ActiveCfg = Release|Any CPU
		{A139B4B2-5913-44DB-B7F2-6DB25FF324A6}.Release|Any CPU.Build.0 = Release|Any CPU
		{79A52FCE-9761-4F69-BBCB-213E29B23486}.Debug|Any CPU.ActiveCfg = Debug|Any CPU
		{79A52FCE-9761-4F69-BBCB-213E29B23486}.Debug|Any CPU.Build.0 = Debug|Any CPU
		{79A52FCE-9761-4F69-BBCB-213E29B23486}.Release|Any CPU.ActiveCfg = Release|Any CPU
		{79A52FCE-9761-4F69-BBCB-213E29B23486}.Release|Any CPU.Build.0 = Release|Any CPU
	EndGlobalSection
	GlobalSection(SolutionProperties) = preSolution
		HideSolutionNode = FALSE
	EndGlobalSection
	GlobalSection(NestedProjects) = preSolution
		{3915CB09-1B95-4D9F-95FD-696C74595350} = {B7C9662E-EC89-4CB7-82BC-93E05457684B}
		{121DBF13-DE46-4592-BB7C-A1D4926AC00A} = {B7C9662E-EC89-4CB7-82BC-93E05457684B}
		{05B6F204-31E7-44B2-B75B-AA340D2CC9A9} = {B7C9662E-EC89-4CB7-82BC-93E05457684B}
		{C523E169-F472-4667-B592-060F43A590BF} = {B7C9662E-EC89-4CB7-82BC-93E05457684B}
		{057E90E4-2810-4555-ADCC-441ECBE86441} = {B7C9662E-EC89-4CB7-82BC-93E05457684B}
		{41CB2215-0BF4-458C-A88C-BA12F008F46E} = {B7C9662E-EC89-4CB7-82BC-93E05457684B}
		{FB46B398-9247-4D96-951B-051D35CFF8D6} = {B7C9662E-EC89-4CB7-82BC-93E05457684B}
		{C892547D-45A3-494A-9488-2A85C714B184} = {B7C9662E-EC89-4CB7-82BC-93E05457684B}
		{A139B4B2-5913-44DB-B7F2-6DB25FF324A6} = {B7C9662E-EC89-4CB7-82BC-93E05457684B}
		{79A52FCE-9761-4F69-BBCB-213E29B23486} = {400CF7A8-66C6-460A-8267-B30138C7B2DC}
	EndGlobalSection
	GlobalSection(ExtensibilityGlobals) = postSolution
		SolutionGuid = {8814566A-80B4-4642-B1DC-50AC2CFFBE08}
	EndGlobalSection
EndGlobal
